// !$*UTF8*$!
{
	archiveVersion = 1;
	classes = {
	};
	objectVersion = 77;
	objects = {

/* Begin PBXBuildFile section */
		0D1142472F44220F0023BC0C /* CocoaLumberjack in Frameworks */ = {isa = PBXBuildFile; productRef = 0D1142462F44220F0023BC0C /* CocoaLumberjack */; };
		0D1142492F44220F0023BC0C /* CocoaLumberjackSwift in Frameworks */ = {isa = PBXBuildFile; productRef = 0D1142482F44220F0023BC0C /* CocoaLumberjackSwift */; };
		0D11424B2F44220F0023BC0C /* CocoaLumberjackSwiftLogBackend in Frameworks */ = {isa = PBXBuildFile; productRef = 0D11424A2F44220F0023BC0C /* CocoaLumberjackSwiftLogBackend */; };
		0D1B1D5E2DDFBB95003BBD80 /* CodeEditor in Frameworks */ = {isa = PBXBuildFile; productRef = 0D1B1D5D2DDFBB95003BBD80 /* CodeEditor */; };
		0D3F28372DDA0EA7004A69D1 /* DittoAllToolsMenu in Frameworks */ = {isa = PBXBuildFile; productRef = 0D3F28362DDA0EA7004A69D1 /* DittoAllToolsMenu */; };
		0D3F28392DDA0EA7004A69D1 /* DittoDataBrowser in Frameworks */ = {isa = PBXBuildFile; productRef = 0D3F28382DDA0EA7004A69D1 /* DittoDataBrowser */; };
		0D3F283B2DDA0EA7004A69D1 /* DittoDiskUsage in Frameworks */ = {isa = PBXBuildFile; productRef = 0D3F283A2DDA0EA7004A69D1 /* DittoDiskUsage */; };
		0D3F283D2DDA0EA7004A69D1 /* DittoExportData in Frameworks */ = {isa = PBXBuildFile; productRef = 0D3F283C2DDA0EA7004A69D1 /* DittoExportData */; };
		0D3F283F2DDA0EA7004A69D1 /* DittoExportLogs in Frameworks */ = {isa = PBXBuildFile; productRef = 0D3F283E2DDA0EA7004A69D1 /* DittoExportLogs */; };
		0D3F28412DDA0EA7004A69D1 /* DittoHealthMetrics in Frameworks */ = {isa = PBXBuildFile; productRef = 0D3F28402DDA0EA7004A69D1 /* DittoHealthMetrics */; };
		0D3F28432DDA0EA7004A69D1 /* DittoHeartbeat in Frameworks */ = {isa = PBXBuildFile; productRef = 0D3F28422DDA0EA7004A69D1 /* DittoHeartbeat */; };
		0D3F28452DDA0EA7004A69D1 /* DittoPeersList in Frameworks */ = {isa = PBXBuildFile; productRef = 0D3F28442DDA0EA7004A69D1 /* DittoPeersList */; };
		0D3F28472DDA0EA7004A69D1 /* DittoPermissionsHealth in Frameworks */ = {isa = PBXBuildFile; productRef = 0D3F28462DDA0EA7004A69D1 /* DittoPermissionsHealth */; };
		0D3F28492DDA0EA7004A69D1 /* DittoPresenceDegradation in Frameworks */ = {isa = PBXBuildFile; productRef = 0D3F28482DDA0EA7004A69D1 /* DittoPresenceDegradation */; };
		0D3F284B2DDA0EA7004A69D1 /* DittoPresenceViewer in Frameworks */ = {isa = PBXBuildFile; productRef = 0D3F284A2DDA0EA7004A69D1 /* DittoPresenceViewer */; };
		0D3F284E2DDA0EC1004A69D1 /* DittoObjC in Frameworks */ = {isa = PBXBuildFile; productRef = 0D3F284D2DDA0EC1004A69D1 /* DittoObjC */; };
		0D3F28502DDA0EC1004A69D1 /* DittoSwift in Frameworks */ = {isa = PBXBuildFile; productRef = 0D3F284F2DDA0EC1004A69D1 /* DittoSwift */; };
		0DEBB4522F3BDD1700C11449 /* Textual in Frameworks */ = {isa = PBXBuildFile; productRef = 0DEBB4512F3BDD1700C11449 /* Textual */; };
		0DHIGHLT2E10000000000002 /* HighlightSwift in Frameworks */ = {isa = PBXBuildFile; productRef = 0DHIGHLT2E10000000000003 /* HighlightSwift */; };
/* End PBXBuildFile section */

/* Begin PBXContainerItemProxy section */
		0DD95EA62F4584EF0063C203 /* PBXContainerItemProxy */ = {
			isa = PBXContainerItemProxy;
			containerPortal = 0D3F27CB2DDA00FA004A69D1 /* Project object */;
			proxyType = 1;
			remoteGlobalIDString = 0D3F27D22DDA00FA004A69D1;
			remoteInfo = "Edge Debug Helper";
		};
		0DD95EB32F4585270063C203 /* PBXContainerItemProxy */ = {
			isa = PBXContainerItemProxy;
			containerPortal = 0D3F27CB2DDA00FA004A69D1 /* Project object */;
			proxyType = 1;
			remoteGlobalIDString = 0D3F27D22DDA00FA004A69D1;
			remoteInfo = "Edge Debug Helper";
		};
		0DD95EC02F4585430063C203 /* PBXContainerItemProxy */ = {
			isa = PBXContainerItemProxy;
			containerPortal = 0D3F27CB2DDA00FA004A69D1 /* Project object */;
			proxyType = 1;
			remoteGlobalIDString = 0D3F27D22DDA00FA004A69D1;
			remoteInfo = "Edge Debug Helper";
		};
/* End PBXContainerItemProxy section */

/* Begin PBXFileReference section */
		0D3F27D32DDA00FA004A69D1 /* Ditto Edge Studio.app */ = {isa = PBXFileReference; explicitFileType = wrapper.application; includeInIndex = 0; path = "Ditto Edge Studio.app"; sourceTree = BUILT_PRODUCTS_DIR; };
		0DD95EA22F4584EF0063C203 /* EdgeStudioUnitTests.xctest */ = {isa = PBXFileReference; explicitFileType = wrapper.cfbundle; includeInIndex = 0; path = EdgeStudioUnitTests.xctest; sourceTree = BUILT_PRODUCTS_DIR; };
		0DD95EAF2F4585270063C203 /* EdgeStudioIntegrationTests.xctest */ = {isa = PBXFileReference; explicitFileType = wrapper.cfbundle; includeInIndex = 0; path = EdgeStudioIntegrationTests.xctest; sourceTree = BUILT_PRODUCTS_DIR; };
		0DD95EBC2F4585430063C203 /* EdgeStudioUITests.xctest */ = {isa = PBXFileReference; explicitFileType = wrapper.cfbundle; includeInIndex = 0; path = EdgeStudioUITests.xctest; sourceTree = BUILT_PRODUCTS_DIR; };
/* End PBXFileReference section */

/* Begin PBXFileSystemSynchronizedRootGroup section */
		0D02662B2E06059D0072B715 /* Edge Debug Helper */ = {
			isa = PBXFileSystemSynchronizedRootGroup;
			path = "Edge Debug Helper";
			sourceTree = "<group>";
		};
		0DD95EA32F4584EF0063C203 /* EdgeStudioUnitTests */ = {
			isa = PBXFileSystemSynchronizedRootGroup;
			path = EdgeStudioUnitTests;
			sourceTree = "<group>";
		};
		0DD95EB02F4585270063C203 /* EdgeStudioIntegrationTests */ = {
			isa = PBXFileSystemSynchronizedRootGroup;
			path = EdgeStudioIntegrationTests;
			sourceTree = "<group>";
		};
		0DD95EBD2F4585430063C203 /* EdgeStudioUITests */ = {
			isa = PBXFileSystemSynchronizedRootGroup;
			path = EdgeStudioUITests;
			sourceTree = "<group>";
		};
/* End PBXFileSystemSynchronizedRootGroup section */

/* Begin PBXFrameworksBuildPhase section */
		0D3F27D02DDA00FA004A69D1 /* Frameworks */ = {
			isa = PBXFrameworksBuildPhase;
			buildActionMask = 2147483647;
			files = (
				0D3F283B2DDA0EA7004A69D1 /* DittoDiskUsage in Frameworks */,
				0D3F283F2DDA0EA7004A69D1 /* DittoExportLogs in Frameworks */,
				0D1142492F44220F0023BC0C /* CocoaLumberjackSwift in Frameworks */,
				0D3F28502DDA0EC1004A69D1 /* DittoSwift in Frameworks */,
				0D11424B2F44220F0023BC0C /* CocoaLumberjackSwiftLogBackend in Frameworks */,
				0D3F28392DDA0EA7004A69D1 /* DittoDataBrowser in Frameworks */,
				0D3F28492DDA0EA7004A69D1 /* DittoPresenceDegradation in Frameworks */,
				0D3F28372DDA0EA7004A69D1 /* DittoAllToolsMenu in Frameworks */,
				0D3F283D2DDA0EA7004A69D1 /* DittoExportData in Frameworks */,
				0D3F28452DDA0EA7004A69D1 /* DittoPeersList in Frameworks */,
				0D3F284B2DDA0EA7004A69D1 /* DittoPresenceViewer in Frameworks */,
				0D3F28432DDA0EA7004A69D1 /* DittoHeartbeat in Frameworks */,
				0D3F28472DDA0EA7004A69D1 /* DittoPermissionsHealth in Frameworks */,
				0D1142472F44220F0023BC0C /* CocoaLumberjack in Frameworks */,
				0D3F28412DDA0EA7004A69D1 /* DittoHealthMetrics in Frameworks */,
				0D1B1D5E2DDFBB95003BBD80 /* CodeEditor in Frameworks */,
				0DHIGHLT2E10000000000002 /* HighlightSwift in Frameworks */,
				0DEBB4522F3BDD1700C11449 /* Textual in Frameworks */,
				0D3F284E2DDA0EC1004A69D1 /* DittoObjC in Frameworks */,
			);
			runOnlyForDeploymentPostprocessing = 0;
		};
		0DD95E9F2F4584EF0063C203 /* Frameworks */ = {
			isa = PBXFrameworksBuildPhase;
			buildActionMask = 2147483647;
			files = (
			);
			runOnlyForDeploymentPostprocessing = 0;
		};
		0DD95EAC2F4585270063C203 /* Frameworks */ = {
			isa = PBXFrameworksBuildPhase;
			buildActionMask = 2147483647;
			files = (
			);
			runOnlyForDeploymentPostprocessing = 0;
		};
		0DD95EB92F4585430063C203 /* Frameworks */ = {
			isa = PBXFrameworksBuildPhase;
			buildActionMask = 2147483647;
			files = (
			);
			runOnlyForDeploymentPostprocessing = 0;
		};
/* End PBXFrameworksBuildPhase section */

/* Begin PBXGroup section */
		0D3F27CA2DDA00FA004A69D1 = {
			isa = PBXGroup;
			children = (
				0D02662B2E06059D0072B715 /* Edge Debug Helper */,
				0DD95EA32F4584EF0063C203 /* EdgeStudioUnitTests */,
				0DD95EB02F4585270063C203 /* EdgeStudioIntegrationTests */,
				0DD95EBD2F4585430063C203 /* EdgeStudioUITests */,
				0DE5B1F22DF8FD3D001574F6 /* Frameworks */,
				0D3F27D42DDA00FA004A69D1 /* Products */,
			);
			sourceTree = "<group>";
		};
		0D3F27D42DDA00FA004A69D1 /* Products */ = {
			isa = PBXGroup;
			children = (
				0D3F27D32DDA00FA004A69D1 /* Ditto Edge Studio.app */,
				0DD95EA22F4584EF0063C203 /* EdgeStudioUnitTests.xctest */,
				0DD95EAF2F4585270063C203 /* EdgeStudioIntegrationTests.xctest */,
				0DD95EBC2F4585430063C203 /* EdgeStudioUITests.xctest */,
			);
			name = Products;
			sourceTree = "<group>";
		};
		0DE5B1F22DF8FD3D001574F6 /* Frameworks */ = {
			isa = PBXGroup;
			children = (
			);
			name = Frameworks;
			sourceTree = "<group>";
		};
/* End PBXGroup section */

/* Begin PBXNativeTarget section */
		0D3F27D22DDA00FA004A69D1 /* Edge Debug Helper */ = {
			isa = PBXNativeTarget;
			buildConfigurationList = 0D3F27F52DDA00FB004A69D1 /* Build configuration list for PBXNativeTarget "Edge Debug Helper" */;
			buildPhases = (
				DF26CBE95104437198DF0CCB /* SwiftFormat */,
				F272A47F5E02439F8645D427 /* SwiftLint */,
				0D3F27CF2DDA00FA004A69D1 /* Sources */,
				0D3F27D02DDA00FA004A69D1 /* Frameworks */,
				0D3F27D12DDA00FA004A69D1 /* Resources */,
			);
			buildRules = (
			);
			dependencies = (
			);
			fileSystemSynchronizedGroups = (
				0D02662B2E06059D0072B715 /* Edge Debug Helper */,
			);
			name = "Edge Debug Helper";
			packageProductDependencies = (
				0D3F28362DDA0EA7004A69D1 /* DittoAllToolsMenu */,
				0D3F28382DDA0EA7004A69D1 /* DittoDataBrowser */,
				0D3F283A2DDA0EA7004A69D1 /* DittoDiskUsage */,
				0D3F283C2DDA0EA7004A69D1 /* DittoExportData */,
				0D3F283E2DDA0EA7004A69D1 /* DittoExportLogs */,
				0D3F28402DDA0EA7004A69D1 /* DittoHealthMetrics */,
				0D3F28422DDA0EA7004A69D1 /* DittoHeartbeat */,
				0D3F28442DDA0EA7004A69D1 /* DittoPeersList */,
				0D3F28462DDA0EA7004A69D1 /* DittoPermissionsHealth */,
				0D3F28482DDA0EA7004A69D1 /* DittoPresenceDegradation */,
				0D3F284A2DDA0EA7004A69D1 /* DittoPresenceViewer */,
				0D3F284D2DDA0EC1004A69D1 /* DittoObjC */,
				0D3F284F2DDA0EC1004A69D1 /* DittoSwift */,
				0D1B1D5D2DDFBB95003BBD80 /* CodeEditor */,
				0DEBB4512F3BDD1700C11449 /* Textual */,
				0D1142462F44220F0023BC0C /* CocoaLumberjack */,
				0D1142482F44220F0023BC0C /* CocoaLumberjackSwift */,
				0D11424A2F44220F0023BC0C /* CocoaLumberjackSwiftLogBackend */,
			);
			productName = "Ditto Edge Studio";
			productReference = 0D3F27D32DDA00FA004A69D1 /* Ditto Edge Studio.app */;
			productType = "com.apple.product-type.application";
		};
		0DD95EA12F4584EF0063C203 /* EdgeStudioUnitTests */ = {
			isa = PBXNativeTarget;
			buildConfigurationList = 0DD95EA82F4584EF0063C203 /* Build configuration list for PBXNativeTarget "EdgeStudioUnitTests" */;
			buildPhases = (
				0DD95E9E2F4584EF0063C203 /* Sources */,
				0DD95E9F2F4584EF0063C203 /* Frameworks */,
				0DD95EA02F4584EF0063C203 /* Resources */,
			);
			buildRules = (
			);
			dependencies = (
				0DD95EA72F4584EF0063C203 /* PBXTargetDependency */,
			);
			fileSystemSynchronizedGroups = (
				0DD95EA32F4584EF0063C203 /* EdgeStudioUnitTests */,
			);
			name = EdgeStudioUnitTests;
			packageProductDependencies = (
			);
			productName = EdgeStudioUnitTests;
			productReference = 0DD95EA22F4584EF0063C203 /* EdgeStudioUnitTests.xctest */;
			productType = "com.apple.product-type.bundle.unit-test";
		};
		0DD95EAE2F4585270063C203 /* EdgeStudioIntegrationTests */ = {
			isa = PBXNativeTarget;
			buildConfigurationList = 0DD95EB52F4585270063C203 /* Build configuration list for PBXNativeTarget "EdgeStudioIntegrationTests" */;
			buildPhases = (
				0DD95EAB2F4585270063C203 /* Sources */,
				0DD95EAC2F4585270063C203 /* Frameworks */,
				0DD95EAD2F4585270063C203 /* Resources */,
			);
			buildRules = (
			);
			dependencies = (
				0DD95EB42F4585270063C203 /* PBXTargetDependency */,
			);
			fileSystemSynchronizedGroups = (
				0DD95EB02F4585270063C203 /* EdgeStudioIntegrationTests */,
			);
			name = EdgeStudioIntegrationTests;
			packageProductDependencies = (
			);
			productName = EdgeStudioIntegrationTests;
			productReference = 0DD95EAF2F4585270063C203 /* EdgeStudioIntegrationTests.xctest */;
			productType = "com.apple.product-type.bundle.unit-test";
		};
		0DD95EBB2F4585430063C203 /* EdgeStudioUITests */ = {
			isa = PBXNativeTarget;
			buildConfigurationList = 0DD95EC22F4585430063C203 /* Build configuration list for PBXNativeTarget "EdgeStudioUITests" */;
			buildPhases = (
				0DD95EB82F4585430063C203 /* Sources */,
				0DD95EB92F4585430063C203 /* Frameworks */,
				0DD95EBA2F4585430063C203 /* Resources */,
			);
			buildRules = (
			);
			dependencies = (
				0DD95EC12F4585430063C203 /* PBXTargetDependency */,
			);
			fileSystemSynchronizedGroups = (
				0DD95EBD2F4585430063C203 /* EdgeStudioUITests */,
			);
			name = EdgeStudioUITests;
			packageProductDependencies = (
			);
			productName = EdgeStudioUITests;
			productReference = 0DD95EBC2F4585430063C203 /* EdgeStudioUITests.xctest */;
			productType = "com.apple.product-type.bundle.unit-test";
		};
/* End PBXNativeTarget section */

/* Begin PBXProject section */
		0D3F27CB2DDA00FA004A69D1 /* Project object */ = {
			isa = PBXProject;
			attributes = {
				BuildIndependentTargetsInParallel = 1;
				LastSwiftUpdateCheck = 2630;
				LastUpgradeCheck = 2630;
				TargetAttributes = {
					0D3F27D22DDA00FA004A69D1 = {
						CreatedOnToolsVersion = 16.3;
					};
					0DD95EA12F4584EF0063C203 = {
						CreatedOnToolsVersion = 26.3;
						TestTargetID = 0D3F27D22DDA00FA004A69D1;
					};
					0DD95EAE2F4585270063C203 = {
						CreatedOnToolsVersion = 26.3;
						TestTargetID = 0D3F27D22DDA00FA004A69D1;
					};
					0DD95EBB2F4585430063C203 = {
						CreatedOnToolsVersion = 26.3;
						TestTargetID = 0D3F27D22DDA00FA004A69D1;
					};
				};
			};
			buildConfigurationList = 0D3F27CE2DDA00FA004A69D1 /* Build configuration list for PBXProject "Edge Debug Helper" */;
			developmentRegion = en;
			hasScannedForEncodings = 0;
			knownRegions = (
				en,
				Base,
			);
			mainGroup = 0D3F27CA2DDA00FA004A69D1;
			minimizedProjectReferenceProxies = 1;
			packageReferences = (
				0D3F28352DDA0EA7004A69D1 /* XCRemoteSwiftPackageReference "DittoSwiftTools" */,
				0D3F284C2DDA0EC1004A69D1 /* XCRemoteSwiftPackageReference "DittoSwiftPackage" */,
				0D1B1D5C2DDFBB95003BBD80 /* XCRemoteSwiftPackageReference "CodeEditor" */,
				0DHIGHLT2E10000000000001 /* XCRemoteSwiftPackageReference "highlightswift" */,
				0DEBB4502F3BDD1700C11449 /* XCRemoteSwiftPackageReference "textual" */,
				0D1142452F44220E0023BC0C /* XCRemoteSwiftPackageReference "CocoaLumberjack" */,
			);
			preferredProjectObjectVersion = 77;
			productRefGroup = 0D3F27D42DDA00FA004A69D1 /* Products */;
			projectDirPath = "";
			projectRoot = "";
			targets = (
				0D3F27D22DDA00FA004A69D1 /* Edge Debug Helper */,
				0DD95EA12F4584EF0063C203 /* EdgeStudioUnitTests */,
				0DD95EAE2F4585270063C203 /* EdgeStudioIntegrationTests */,
				0DD95EBB2F4585430063C203 /* EdgeStudioUITests */,
			);
		};
/* End PBXProject section */

/* Begin PBXResourcesBuildPhase section */
		0D3F27D12DDA00FA004A69D1 /* Resources */ = {
			isa = PBXResourcesBuildPhase;
			buildActionMask = 2147483647;
			files = (
			);
			runOnlyForDeploymentPostprocessing = 0;
		};
		0DD95EA02F4584EF0063C203 /* Resources */ = {
			isa = PBXResourcesBuildPhase;
			buildActionMask = 2147483647;
			files = (
			);
			runOnlyForDeploymentPostprocessing = 0;
		};
		0DD95EAD2F4585270063C203 /* Resources */ = {
			isa = PBXResourcesBuildPhase;
			buildActionMask = 2147483647;
			files = (
			);
			runOnlyForDeploymentPostprocessing = 0;
		};
		0DD95EBA2F4585430063C203 /* Resources */ = {
			isa = PBXResourcesBuildPhase;
			buildActionMask = 2147483647;
			files = (
			);
			runOnlyForDeploymentPostprocessing = 0;
		};
/* End PBXResourcesBuildPhase section */

/* Begin PBXShellScriptBuildPhase section */
		DF26CBE95104437198DF0CCB /* SwiftFormat */ = {
			isa = PBXShellScriptBuildPhase;
			alwaysOutOfDate = 1;
			buildActionMask = 2147483647;
			files = (
			);
			inputFileListPaths = (
			);
			inputPaths = (
				"$(SRCROOT)/../.swiftformat",
			);
			name = SwiftFormat;
			outputFileListPaths = (
			);
			outputPaths = (
			);
			runOnlyForDeploymentPostprocessing = 0;
			shellPath = /bin/sh;
			shellScript = "export PATH=\"/opt/homebrew/bin:/usr/local/bin:$PATH\"\ncd \"${PROJECT_DIR}/..\"\n\nif which swiftformat >/dev/null; then\n  if [ -d \"SwiftUI/Edge Debug Helper\" ]; then\n    swiftformat \"SwiftUI/Edge Debug Helper\" --config .swiftformat --quiet || true\n  fi\nelse\n  echo \"warning: SwiftFormat not installed, download from https://github.com/nicklockwood/SwiftFormat\"\nfi\n";
		};
		F272A47F5E02439F8645D427 /* SwiftLint */ = {
			isa = PBXShellScriptBuildPhase;
			alwaysOutOfDate = 1;
			buildActionMask = 2147483647;
			files = (
			);
			inputFileListPaths = (
			);
			inputPaths = (
				"$(SRCROOT)/../.swiftlint.yml",
			);
			name = SwiftLint;
			outputFileListPaths = (
			);
			outputPaths = (
			);
			runOnlyForDeploymentPostprocessing = 0;
			shellPath = /bin/sh;
			shellScript = "export PATH=\"/opt/homebrew/bin:/usr/local/bin:$PATH\"\ncd \"${PROJECT_DIR}/..\"\n\nif which swiftlint >/dev/null; then\n  swiftlint lint --config .swiftlint.yml --quiet || true\nelse\n  echo \"warning: SwiftLint not installed, download from https://github.com/realm/SwiftLint\"\nfi\n";
		};
/* End PBXShellScriptBuildPhase section */

/* Begin PBXSourcesBuildPhase section */
		0D3F27CF2DDA00FA004A69D1 /* Sources */ = {
			isa = PBXSourcesBuildPhase;
			buildActionMask = 2147483647;
			files = (
			);
			runOnlyForDeploymentPostprocessing = 0;
		};
		0DD95E9E2F4584EF0063C203 /* Sources */ = {
			isa = PBXSourcesBuildPhase;
			buildActionMask = 2147483647;
			files = (
			);
			runOnlyForDeploymentPostprocessing = 0;
		};
		0DD95EAB2F4585270063C203 /* Sources */ = {
			isa = PBXSourcesBuildPhase;
			buildActionMask = 2147483647;
			files = (
			);
			runOnlyForDeploymentPostprocessing = 0;
		};
		0DD95EB82F4585430063C203 /* Sources */ = {
			isa = PBXSourcesBuildPhase;
			buildActionMask = 2147483647;
			files = (
			);
			runOnlyForDeploymentPostprocessing = 0;
		};
/* End PBXSourcesBuildPhase section */

/* Begin PBXTargetDependency section */
		0DD95EA72F4584EF0063C203 /* PBXTargetDependency */ = {
			isa = PBXTargetDependency;
			target = 0D3F27D22DDA00FA004A69D1 /* Edge Debug Helper */;
			targetProxy = 0DD95EA62F4584EF0063C203 /* PBXContainerItemProxy */;
		};
		0DD95EB42F4585270063C203 /* PBXTargetDependency */ = {
			isa = PBXTargetDependency;
			target = 0D3F27D22DDA00FA004A69D1 /* Edge Debug Helper */;
			targetProxy = 0DD95EB32F4585270063C203 /* PBXContainerItemProxy */;
		};
		0DD95EC12F4585430063C203 /* PBXTargetDependency */ = {
			isa = PBXTargetDependency;
			target = 0D3F27D22DDA00FA004A69D1 /* Edge Debug Helper */;
			targetProxy = 0DD95EC02F4585430063C203 /* PBXContainerItemProxy */;
		};
/* End PBXTargetDependency section */

/* Begin XCBuildConfiguration section */
		0D3F27F32DDA00FB004A69D1 /* Debug */ = {
			isa = XCBuildConfiguration;
			buildSettings = {
				ALWAYS_SEARCH_USER_PATHS = NO;
				ASSETCATALOG_COMPILER_GENERATE_SWIFT_ASSET_SYMBOL_EXTENSIONS = YES;
				CLANG_ANALYZER_NONNULL = YES;
				CLANG_ANALYZER_NUMBER_OBJECT_CONVERSION = YES_AGGRESSIVE;
				CLANG_CXX_LANGUAGE_STANDARD = "gnu++20";
				CLANG_ENABLE_MODULES = YES;
				CLANG_ENABLE_OBJC_ARC = YES;
				CLANG_ENABLE_OBJC_WEAK = YES;
				CLANG_WARN_BLOCK_CAPTURE_AUTORELEASING = YES;
				CLANG_WARN_BOOL_CONVERSION = YES;
				CLANG_WARN_COMMA = YES;
				CLANG_WARN_CONSTANT_CONVERSION = YES;
				CLANG_WARN_DEPRECATED_OBJC_IMPLEMENTATIONS = YES;
				CLANG_WARN_DIRECT_OBJC_ISA_USAGE = YES_ERROR;
				CLANG_WARN_DOCUMENTATION_COMMENTS = YES;
				CLANG_WARN_EMPTY_BODY = YES;
				CLANG_WARN_ENUM_CONVERSION = YES;
				CLANG_WARN_INFINITE_RECURSION = YES;
				CLANG_WARN_INT_CONVERSION = YES;
				CLANG_WARN_NON_LITERAL_NULL_CONVERSION = YES;
				CLANG_WARN_OBJC_IMPLICIT_RETAIN_SELF = YES;
				CLANG_WARN_OBJC_LITERAL_CONVERSION = YES;
				CLANG_WARN_OBJC_ROOT_CLASS = YES_ERROR;
				CLANG_WARN_QUOTED_INCLUDE_IN_FRAMEWORK_HEADER = YES;
				CLANG_WARN_RANGE_LOOP_ANALYSIS = YES;
				CLANG_WARN_STRICT_PROTOTYPES = YES;
				CLANG_WARN_SUSPICIOUS_MOVE = YES;
				CLANG_WARN_UNGUARDED_AVAILABILITY = YES_AGGRESSIVE;
				CLANG_WARN_UNREACHABLE_CODE = YES;
				CLANG_WARN__DUPLICATE_METHOD_MATCH = YES;
				COPY_PHASE_STRIP = NO;
				DEAD_CODE_STRIPPING = YES;
				DEBUG_INFORMATION_FORMAT = dwarf;
				DEVELOPMENT_TEAM = E3FRN9JNGJ;
				ENABLE_STRICT_OBJC_MSGSEND = YES;
				ENABLE_TESTABILITY = YES;
				ENABLE_USER_SCRIPT_SANDBOXING = NO;
				GCC_C_LANGUAGE_STANDARD = gnu17;
				GCC_DYNAMIC_NO_PIC = NO;
				GCC_NO_COMMON_BLOCKS = YES;
				GCC_OPTIMIZATION_LEVEL = 0;
				GCC_PREPROCESSOR_DEFINITIONS = (
					"DEBUG=1",
					"$(inherited)",
				);
				GCC_WARN_64_TO_32_BIT_CONVERSION = YES;
				GCC_WARN_ABOUT_RETURN_TYPE = YES_ERROR;
				GCC_WARN_UNDECLARED_SELECTOR = YES;
				GCC_WARN_UNINITIALIZED_AUTOS = YES_AGGRESSIVE;
				GCC_WARN_UNUSED_FUNCTION = YES;
				GCC_WARN_UNUSED_VARIABLE = YES;
				LOCALIZATION_PREFERS_STRING_CATALOGS = YES;
				MTL_ENABLE_DEBUG_INFO = INCLUDE_SOURCE;
				MTL_FAST_MATH = YES;
				ONLY_ACTIVE_ARCH = YES;
				STRING_CATALOG_GENERATE_SYMBOLS = YES;
				SWIFT_ACTIVE_COMPILATION_CONDITIONS = "DEBUG $(inherited)";
				SWIFT_OPTIMIZATION_LEVEL = "-Onone";
			};
			name = Debug;
		};
		0D3F27F42DDA00FB004A69D1 /* Release */ = {
			isa = XCBuildConfiguration;
			buildSettings = {
				ALWAYS_SEARCH_USER_PATHS = NO;
				ASSETCATALOG_COMPILER_GENERATE_SWIFT_ASSET_SYMBOL_EXTENSIONS = YES;
				CLANG_ANALYZER_NONNULL = YES;
				CLANG_ANALYZER_NUMBER_OBJECT_CONVERSION = YES_AGGRESSIVE;
				CLANG_CXX_LANGUAGE_STANDARD = "gnu++20";
				CLANG_ENABLE_MODULES = YES;
				CLANG_ENABLE_OBJC_ARC = YES;
				CLANG_ENABLE_OBJC_WEAK = YES;
				CLANG_WARN_BLOCK_CAPTURE_AUTORELEASING = YES;
				CLANG_WARN_BOOL_CONVERSION = YES;
				CLANG_WARN_COMMA = YES;
				CLANG_WARN_CONSTANT_CONVERSION = YES;
				CLANG_WARN_DEPRECATED_OBJC_IMPLEMENTATIONS = YES;
				CLANG_WARN_DIRECT_OBJC_ISA_USAGE = YES_ERROR;
				CLANG_WARN_DOCUMENTATION_COMMENTS = YES;
				CLANG_WARN_EMPTY_BODY = YES;
				CLANG_WARN_ENUM_CONVERSION = YES;
				CLANG_WARN_INFINITE_RECURSION = YES;
				CLANG_WARN_INT_CONVERSION = YES;
				CLANG_WARN_NON_LITERAL_NULL_CONVERSION = YES;
				CLANG_WARN_OBJC_IMPLICIT_RETAIN_SELF = YES;
				CLANG_WARN_OBJC_LITERAL_CONVERSION = YES;
				CLANG_WARN_OBJC_ROOT_CLASS = YES_ERROR;
				CLANG_WARN_QUOTED_INCLUDE_IN_FRAMEWORK_HEADER = YES;
				CLANG_WARN_RANGE_LOOP_ANALYSIS = YES;
				CLANG_WARN_STRICT_PROTOTYPES = YES;
				CLANG_WARN_SUSPICIOUS_MOVE = YES;
				CLANG_WARN_UNGUARDED_AVAILABILITY = YES_AGGRESSIVE;
				CLANG_WARN_UNREACHABLE_CODE = YES;
				CLANG_WARN__DUPLICATE_METHOD_MATCH = YES;
				COPY_PHASE_STRIP = NO;
				DEAD_CODE_STRIPPING = YES;
				DEBUG_INFORMATION_FORMAT = "dwarf-with-dsym";
				DEVELOPMENT_TEAM = E3FRN9JNGJ;
				ENABLE_NS_ASSERTIONS = NO;
				ENABLE_STRICT_OBJC_MSGSEND = YES;
				ENABLE_USER_SCRIPT_SANDBOXING = NO;
				GCC_C_LANGUAGE_STANDARD = gnu17;
				GCC_NO_COMMON_BLOCKS = YES;
				GCC_WARN_64_TO_32_BIT_CONVERSION = YES;
				GCC_WARN_ABOUT_RETURN_TYPE = YES_ERROR;
				GCC_WARN_UNDECLARED_SELECTOR = YES;
				GCC_WARN_UNINITIALIZED_AUTOS = YES_AGGRESSIVE;
				GCC_WARN_UNUSED_FUNCTION = YES;
				GCC_WARN_UNUSED_VARIABLE = YES;
				LOCALIZATION_PREFERS_STRING_CATALOGS = YES;
				MTL_ENABLE_DEBUG_INFO = NO;
				MTL_FAST_MATH = YES;
				STRING_CATALOG_GENERATE_SYMBOLS = YES;
				SWIFT_COMPILATION_MODE = wholemodule;
			};
			name = Release;
		};
		0D3F27F62DDA00FB004A69D1 /* Debug */ = {
			isa = XCBuildConfiguration;
			buildSettings = {
				ASSETCATALOG_COMPILER_APPICON_NAME = EdgeStudioIcon;
				ASSETCATALOG_COMPILER_GLOBAL_ACCENT_COLOR_NAME = AccentColor;
				ASSETCATALOG_COMPILER_INCLUDE_ALL_APPICON_ASSETS = YES;
				CODE_SIGN_ENTITLEMENTS = "Edge Debug Helper/Edge_Studio.entitlements";
				"CODE_SIGN_IDENTITY[sdk=macosx*]" = "-";
				CODE_SIGN_STYLE = Automatic;
				CURRENT_PROJECT_VERSION = 1;
				DEAD_CODE_STRIPPING = YES;
				DEVELOPMENT_TEAM = E3FRN9JNGJ;
				ENABLE_APP_SANDBOX = YES;
				ENABLE_HARDENED_RUNTIME = YES;
				ENABLE_INCOMING_NETWORK_CONNECTIONS = YES;
				ENABLE_OUTGOING_NETWORK_CONNECTIONS = YES;
				ENABLE_PREVIEWS = YES;
				ENABLE_RESOURCE_ACCESS_BLUETOOTH = YES;
				ENABLE_RESOURCE_ACCESS_LOCATION = YES;
				ENABLE_USER_SELECTED_FILES = readwrite;
				GENERATE_INFOPLIST_FILE = YES;
				INFOPLIST_FILE = "Ditto-Edge-Studio-Info.plist";
				INFOPLIST_KEY_CFBundleDisplayName = "Ditto Edge Studio";
				INFOPLIST_KEY_CFBundleName = "Ditto Edge Studio";
				INFOPLIST_KEY_LSApplicationCategoryType = "public.app-category.developer-tools";
				INFOPLIST_KEY_NSBluetoothAlwaysUsageDescription = "Uses Bluetooth to connect and sync with nearby devices";
				INFOPLIST_KEY_NSBluetoothPeripheralUsageDescription = "Uses Bluetooth to connect and sync with nearby devices";
				INFOPLIST_KEY_NSLocalNetworkUsageDescription = "Uses WiFi to connect and sync with nearby devices";
				"INFOPLIST_KEY_UIApplicationSceneManifest_Generation[sdk=iphoneos*]" = YES;
				"INFOPLIST_KEY_UIApplicationSceneManifest_Generation[sdk=iphonesimulator*]" = YES;
				"INFOPLIST_KEY_UIApplicationSupportsIndirectInputEvents[sdk=iphoneos*]" = YES;
				"INFOPLIST_KEY_UIApplicationSupportsIndirectInputEvents[sdk=iphonesimulator*]" = YES;
				"INFOPLIST_KEY_UILaunchScreen_Generation[sdk=iphoneos*]" = YES;
				"INFOPLIST_KEY_UILaunchScreen_Generation[sdk=iphonesimulator*]" = YES;
				"INFOPLIST_KEY_UIStatusBarStyle[sdk=iphoneos*]" = UIStatusBarStyleDefault;
				"INFOPLIST_KEY_UIStatusBarStyle[sdk=iphonesimulator*]" = UIStatusBarStyleDefault;
				INFOPLIST_KEY_UISupportedInterfaceOrientations_iPad = "UIInterfaceOrientationPortrait UIInterfaceOrientationPortraitUpsideDown UIInterfaceOrientationLandscapeLeft UIInterfaceOrientationLandscapeRight";
				INFOPLIST_KEY_UISupportedInterfaceOrientations_iPhone = "UIInterfaceOrientationPortrait UIInterfaceOrientationLandscapeLeft UIInterfaceOrientationLandscapeRight";
				IPHONEOS_DEPLOYMENT_TARGET = 26.0;
				LD_RUNPATH_SEARCH_PATHS = "@executable_path/Frameworks";
				"LD_RUNPATH_SEARCH_PATHS[sdk=macosx*]" = "@executable_path/../Frameworks";
				MACOSX_DEPLOYMENT_TARGET = 26.0;
				MARKETING_VERSION = 1.0.0;
				PRODUCT_BUNDLE_IDENTIFIER = com.costoda.dittoedgestudio;
				PRODUCT_NAME = "Ditto Edge Studio";
				REGISTER_APP_GROUPS = YES;
				SDKROOT = auto;
				SUPPORTED_PLATFORMS = "iphoneos iphonesimulator macosx xros xrsimulator";
				SWIFT_ACTIVE_COMPILATION_CONDITIONS = "DEBUG $(inherited)";
				SWIFT_EMIT_LOC_STRINGS = YES;
				SWIFT_OBJC_BRIDGING_HEADER = "Edge Debug Helper/Edge-Debug-Helper-Bridging-Header.h";
				SWIFT_VERSION = 5.0;
				TARGETED_DEVICE_FAMILY = "1,2,7";
				XROS_DEPLOYMENT_TARGET = 26.0;
			};
			name = Debug;
		};
		0D3F27F72DDA00FB004A69D1 /* Release */ = {
			isa = XCBuildConfiguration;
			buildSettings = {
				ASSETCATALOG_COMPILER_APPICON_NAME = EdgeStudioIcon;
				ASSETCATALOG_COMPILER_GLOBAL_ACCENT_COLOR_NAME = AccentColor;
				ASSETCATALOG_COMPILER_INCLUDE_ALL_APPICON_ASSETS = YES;
				CODE_SIGN_ENTITLEMENTS = "Edge Debug Helper/Edge_Studio.entitlements";
				CODE_SIGN_IDENTITY = "Apple Development";
				"CODE_SIGN_IDENTITY[sdk=macosx*]" = "-";
				CODE_SIGN_STYLE = Automatic;
				CURRENT_PROJECT_VERSION = 1;
				DEAD_CODE_STRIPPING = YES;
				DEVELOPMENT_TEAM = E3FRN9JNGJ;
				ENABLE_APP_SANDBOX = YES;
				ENABLE_HARDENED_RUNTIME = YES;
				ENABLE_INCOMING_NETWORK_CONNECTIONS = YES;
				ENABLE_OUTGOING_NETWORK_CONNECTIONS = YES;
				ENABLE_PREVIEWS = YES;
				ENABLE_RESOURCE_ACCESS_BLUETOOTH = YES;
				ENABLE_RESOURCE_ACCESS_LOCATION = YES;
				ENABLE_USER_SELECTED_FILES = readwrite;
				GENERATE_INFOPLIST_FILE = YES;
				INFOPLIST_FILE = "Ditto-Edge-Studio-Info.plist";
				INFOPLIST_KEY_CFBundleDisplayName = "Ditto Edge Studio";
				INFOPLIST_KEY_CFBundleName = "Ditto Edge Studio";
				INFOPLIST_KEY_LSApplicationCategoryType = "public.app-category.developer-tools";
				INFOPLIST_KEY_NSBluetoothAlwaysUsageDescription = "Uses Bluetooth to connect and sync with nearby devices";
				INFOPLIST_KEY_NSBluetoothPeripheralUsageDescription = "Uses Bluetooth to connect and sync with nearby devices";
				INFOPLIST_KEY_NSLocalNetworkUsageDescription = "Uses WiFi to connect and sync with nearby devices";
				"INFOPLIST_KEY_UIApplicationSceneManifest_Generation[sdk=iphoneos*]" = YES;
				"INFOPLIST_KEY_UIApplicationSceneManifest_Generation[sdk=iphonesimulator*]" = YES;
				"INFOPLIST_KEY_UIApplicationSupportsIndirectInputEvents[sdk=iphoneos*]" = YES;
				"INFOPLIST_KEY_UIApplicationSupportsIndirectInputEvents[sdk=iphonesimulator*]" = YES;
				"INFOPLIST_KEY_UILaunchScreen_Generation[sdk=iphoneos*]" = YES;
				"INFOPLIST_KEY_UILaunchScreen_Generation[sdk=iphonesimulator*]" = YES;
				"INFOPLIST_KEY_UIStatusBarStyle[sdk=iphoneos*]" = UIStatusBarStyleDefault;
				"INFOPLIST_KEY_UIStatusBarStyle[sdk=iphonesimulator*]" = UIStatusBarStyleDefault;
				INFOPLIST_KEY_UISupportedInterfaceOrientations_iPad = "UIInterfaceOrientationPortrait UIInterfaceOrientationPortraitUpsideDown UIInterfaceOrientationLandscapeLeft UIInterfaceOrientationLandscapeRight";
				INFOPLIST_KEY_UISupportedInterfaceOrientations_iPhone = "UIInterfaceOrientationPortrait UIInterfaceOrientationLandscapeLeft UIInterfaceOrientationLandscapeRight";
				IPHONEOS_DEPLOYMENT_TARGET = 26.0;
				LD_RUNPATH_SEARCH_PATHS = "@executable_path/Frameworks";
				"LD_RUNPATH_SEARCH_PATHS[sdk=macosx*]" = "@executable_path/../Frameworks";
				MACOSX_DEPLOYMENT_TARGET = 26.0;
				MARKETING_VERSION = 1.0.0;
				PRODUCT_BUNDLE_IDENTIFIER = com.costoda.dittoedgestudio;
				PRODUCT_NAME = "Ditto Edge Studio";
				PROVISIONING_PROFILE_SPECIFIER = "";
				REGISTER_APP_GROUPS = YES;
				SDKROOT = auto;
				SUPPORTED_PLATFORMS = "iphoneos iphonesimulator macosx xros xrsimulator";
				SWIFT_EMIT_LOC_STRINGS = YES;
				SWIFT_OBJC_BRIDGING_HEADER = "Edge Debug Helper/Edge-Debug-Helper-Bridging-Header.h";
				SWIFT_VERSION = 5.0;
				TARGETED_DEVICE_FAMILY = "1,2,7";
				XROS_DEPLOYMENT_TARGET = 26.0;
			};
			name = Release;
		};
		0DD95EA92F4584EF0063C203 /* Debug */ = {
			isa = XCBuildConfiguration;
			buildSettings = {
				BUNDLE_LOADER = "$(TEST_HOST)";
				CODE_SIGN_STYLE = Automatic;
				CURRENT_PROJECT_VERSION = 1;
				DEVELOPMENT_TEAM = E3FRN9JNGJ;
				ENABLE_USER_SCRIPT_SANDBOXING = YES;
				GENERATE_INFOPLIST_FILE = YES;
				IPHONEOS_DEPLOYMENT_TARGET = 26.2;
				MACOSX_DEPLOYMENT_TARGET = 26.2;
				MARKETING_VERSION = 1.0;
				PRODUCT_BUNDLE_IDENTIFIER = com.costoda.EdgeStudioUnitTests;
				PRODUCT_NAME = "$(TARGET_NAME)";
				SDKROOT = auto;
				STRING_CATALOG_GENERATE_SYMBOLS = NO;
				SUPPORTED_PLATFORMS = "iphoneos iphonesimulator macosx xros xrsimulator";
				SWIFT_ACTIVE_COMPILATION_CONDITIONS = "TESTING $(inherited)";
				SWIFT_APPROACHABLE_CONCURRENCY = YES;
				SWIFT_EMIT_LOC_STRINGS = NO;
				SWIFT_UPCOMING_FEATURE_MEMBER_IMPORT_VISIBILITY = YES;
				SWIFT_VERSION = 5.0;
				TARGETED_DEVICE_FAMILY = "1,2,7";
				TEST_HOST = "$(BUILT_PRODUCTS_DIR)/Ditto Edge Studio.app/$(BUNDLE_EXECUTABLE_FOLDER_PATH)/Ditto Edge Studio";
				XROS_DEPLOYMENT_TARGET = 26.2;
			};
			name = Debug;
		};
		0DD95EAA2F4584EF0063C203 /* Release */ = {
			isa = XCBuildConfiguration;
			buildSettings = {
				BUNDLE_LOADER = "$(TEST_HOST)";
				CODE_SIGN_STYLE = Automatic;
				CURRENT_PROJECT_VERSION = 1;
				DEVELOPMENT_TEAM = E3FRN9JNGJ;
				ENABLE_USER_SCRIPT_SANDBOXING = YES;
				GENERATE_INFOPLIST_FILE = YES;
				IPHONEOS_DEPLOYMENT_TARGET = 26.2;
				MACOSX_DEPLOYMENT_TARGET = 26.2;
				MARKETING_VERSION = 1.0;
				PRODUCT_BUNDLE_IDENTIFIER = com.costoda.EdgeStudioUnitTests;
				PRODUCT_NAME = "$(TARGET_NAME)";
				SDKROOT = auto;
				STRING_CATALOG_GENERATE_SYMBOLS = NO;
				SUPPORTED_PLATFORMS = "iphoneos iphonesimulator macosx xros xrsimulator";
				SWIFT_ACTIVE_COMPILATION_CONDITIONS = "TESTING $(inherited)";
				SWIFT_APPROACHABLE_CONCURRENCY = YES;
				SWIFT_EMIT_LOC_STRINGS = NO;
				SWIFT_UPCOMING_FEATURE_MEMBER_IMPORT_VISIBILITY = YES;
				SWIFT_VERSION = 5.0;
				TARGETED_DEVICE_FAMILY = "1,2,7";
				TEST_HOST = "$(BUILT_PRODUCTS_DIR)/Ditto Edge Studio.app/$(BUNDLE_EXECUTABLE_FOLDER_PATH)/Ditto Edge Studio";
				XROS_DEPLOYMENT_TARGET = 26.2;
			};
			name = Release;
		};
		0DD95EB62F4585270063C203 /* Debug */ = {
			isa = XCBuildConfiguration;
			buildSettings = {
				BUNDLE_LOADER = "$(TEST_HOST)";
				CODE_SIGN_STYLE = Automatic;
				CURRENT_PROJECT_VERSION = 1;
				DEVELOPMENT_TEAM = E3FRN9JNGJ;
				ENABLE_USER_SCRIPT_SANDBOXING = YES;
				GENERATE_INFOPLIST_FILE = YES;
				IPHONEOS_DEPLOYMENT_TARGET = 26.2;
				MACOSX_DEPLOYMENT_TARGET = 26.2;
				MARKETING_VERSION = 1.0;
				PRODUCT_BUNDLE_IDENTIFIER = com.costoda.EdgeStudioIntegrationTests;
				PRODUCT_NAME = "$(TARGET_NAME)";
				SDKROOT = auto;
				STRING_CATALOG_GENERATE_SYMBOLS = NO;
				SUPPORTED_PLATFORMS = "iphoneos iphonesimulator macosx xros xrsimulator";
				SWIFT_APPROACHABLE_CONCURRENCY = YES;
				SWIFT_EMIT_LOC_STRINGS = NO;
				SWIFT_UPCOMING_FEATURE_MEMBER_IMPORT_VISIBILITY = YES;
				SWIFT_VERSION = 5.0;
				TARGETED_DEVICE_FAMILY = "1,2,7";
				TEST_HOST = "$(BUILT_PRODUCTS_DIR)/Ditto Edge Studio.app/$(BUNDLE_EXECUTABLE_FOLDER_PATH)/Ditto Edge Studio";
				XROS_DEPLOYMENT_TARGET = 26.2;
			};
			name = Debug;
		};
		0DD95EB72F4585270063C203 /* Release */ = {
			isa = XCBuildConfiguration;
			buildSettings = {
				BUNDLE_LOADER = "$(TEST_HOST)";
				CODE_SIGN_STYLE = Automatic;
				CURRENT_PROJECT_VERSION = 1;
				DEVELOPMENT_TEAM = E3FRN9JNGJ;
				ENABLE_USER_SCRIPT_SANDBOXING = YES;
				GENERATE_INFOPLIST_FILE = YES;
				IPHONEOS_DEPLOYMENT_TARGET = 26.2;
				MACOSX_DEPLOYMENT_TARGET = 26.2;
				MARKETING_VERSION = 1.0;
				PRODUCT_BUNDLE_IDENTIFIER = com.costoda.EdgeStudioIntegrationTests;
				PRODUCT_NAME = "$(TARGET_NAME)";
				SDKROOT = auto;
				STRING_CATALOG_GENERATE_SYMBOLS = NO;
				SUPPORTED_PLATFORMS = "iphoneos iphonesimulator macosx xros xrsimulator";
				SWIFT_APPROACHABLE_CONCURRENCY = YES;
				SWIFT_EMIT_LOC_STRINGS = NO;
				SWIFT_UPCOMING_FEATURE_MEMBER_IMPORT_VISIBILITY = YES;
				SWIFT_VERSION = 5.0;
				TARGETED_DEVICE_FAMILY = "1,2,7";
				TEST_HOST = "$(BUILT_PRODUCTS_DIR)/Ditto Edge Studio.app/$(BUNDLE_EXECUTABLE_FOLDER_PATH)/Ditto Edge Studio";
				XROS_DEPLOYMENT_TARGET = 26.2;
			};
			name = Release;
		};
		0DD95EC32F4585430063C203 /* Debug */ = {
			isa = XCBuildConfiguration;
			buildSettings = {
				BUNDLE_LOADER = "$(TEST_HOST)";
				CODE_SIGN_STYLE = Automatic;
				CURRENT_PROJECT_VERSION = 1;
				DEVELOPMENT_TEAM = E3FRN9JNGJ;
				ENABLE_USER_SCRIPT_SANDBOXING = YES;
				GENERATE_INFOPLIST_FILE = YES;
				IPHONEOS_DEPLOYMENT_TARGET = 26.2;
				MACOSX_DEPLOYMENT_TARGET = 26.2;
				MARKETING_VERSION = 1.0;
				PRODUCT_BUNDLE_IDENTIFIER = com.costoda.EdgeStudioUITests;
				PRODUCT_NAME = "$(TARGET_NAME)";
				SDKROOT = auto;
				STRING_CATALOG_GENERATE_SYMBOLS = NO;
				SUPPORTED_PLATFORMS = "iphoneos iphonesimulator macosx xros xrsimulator";
				SWIFT_APPROACHABLE_CONCURRENCY = YES;
				SWIFT_EMIT_LOC_STRINGS = NO;
				SWIFT_UPCOMING_FEATURE_MEMBER_IMPORT_VISIBILITY = YES;
				SWIFT_VERSION = 5.0;
				TARGETED_DEVICE_FAMILY = "1,2,7";
				TEST_HOST = "$(BUILT_PRODUCTS_DIR)/Ditto Edge Studio.app/$(BUNDLE_EXECUTABLE_FOLDER_PATH)/Ditto Edge Studio";
				XROS_DEPLOYMENT_TARGET = 26.2;
			};
			name = Debug;
		};
		0DD95EC42F4585430063C203 /* Release */ = {
			isa = XCBuildConfiguration;
			buildSettings = {
				BUNDLE_LOADER = "$(TEST_HOST)";
				CODE_SIGN_STYLE = Automatic;
				CURRENT_PROJECT_VERSION = 1;
				DEVELOPMENT_TEAM = E3FRN9JNGJ;
				ENABLE_USER_SCRIPT_SANDBOXING = YES;
				GENERATE_INFOPLIST_FILE = YES;
				IPHONEOS_DEPLOYMENT_TARGET = 26.2;
				MACOSX_DEPLOYMENT_TARGET = 26.2;
				MARKETING_VERSION = 1.0;
				PRODUCT_BUNDLE_IDENTIFIER = com.costoda.EdgeStudioUITests;
				PRODUCT_NAME = "$(TARGET_NAME)";
				SDKROOT = auto;
				STRING_CATALOG_GENERATE_SYMBOLS = NO;
				SUPPORTED_PLATFORMS = "iphoneos iphonesimulator macosx xros xrsimulator";
				SWIFT_APPROACHABLE_CONCURRENCY = YES;
				SWIFT_EMIT_LOC_STRINGS = NO;
				SWIFT_UPCOMING_FEATURE_MEMBER_IMPORT_VISIBILITY = YES;
				SWIFT_VERSION = 5.0;
				TARGETED_DEVICE_FAMILY = "1,2,7";
				TEST_HOST = "$(BUILT_PRODUCTS_DIR)/Ditto Edge Studio.app/$(BUNDLE_EXECUTABLE_FOLDER_PATH)/Ditto Edge Studio";
				XROS_DEPLOYMENT_TARGET = 26.2;
			};
			name = Release;
		};
/* End XCBuildConfiguration section */

/* Begin XCConfigurationList section */
		0D3F27CE2DDA00FA004A69D1 /* Build configuration list for PBXProject "Edge Debug Helper" */ = {
			isa = XCConfigurationList;
			buildConfigurations = (
				0D3F27F32DDA00FB004A69D1 /* Debug */,
				0D3F27F42DDA00FB004A69D1 /* Release */,
			);
			defaultConfigurationIsVisible = 0;
			defaultConfigurationName = Release;
		};
		0D3F27F52DDA00FB004A69D1 /* Build configuration list for PBXNativeTarget "Edge Debug Helper" */ = {
			isa = XCConfigurationList;
			buildConfigurations = (
				0D3F27F62DDA00FB004A69D1 /* Debug */,
				0D3F27F72DDA00FB004A69D1 /* Release */,
			);
			defaultConfigurationIsVisible = 0;
			defaultConfigurationName = Release;
		};
		0DD95EA82F4584EF0063C203 /* Build configuration list for PBXNativeTarget "EdgeStudioUnitTests" */ = {
			isa = XCConfigurationList;
			buildConfigurations = (
				0DD95EA92F4584EF0063C203 /* Debug */,
				0DD95EAA2F4584EF0063C203 /* Release */,
			);
			defaultConfigurationIsVisible = 0;
			defaultConfigurationName = Release;
		};
		0DD95EB52F4585270063C203 /* Build configuration list for PBXNativeTarget "EdgeStudioIntegrationTests" */ = {
			isa = XCConfigurationList;
			buildConfigurations = (
				0DD95EB62F4585270063C203 /* Debug */,
				0DD95EB72F4585270063C203 /* Release */,
			);
			defaultConfigurationIsVisible = 0;
			defaultConfigurationName = Release;
		};
		0DD95EC22F4585430063C203 /* Build configuration list for PBXNativeTarget "EdgeStudioUITests" */ = {
			isa = XCConfigurationList;
			buildConfigurations = (
				0DD95EC32F4585430063C203 /* Debug */,
				0DD95EC42F4585430063C203 /* Release */,
			);
			defaultConfigurationIsVisible = 0;
			defaultConfigurationName = Release;
		};
/* End XCConfigurationList section */

/* Begin XCRemoteSwiftPackageReference section */
		0D1142452F44220E0023BC0C /* XCRemoteSwiftPackageReference "CocoaLumberjack" */ = {
			isa = XCRemoteSwiftPackageReference;
			repositoryURL = "https://github.com/CocoaLumberjack/CocoaLumberjack";
			requirement = {
				kind = upToNextMajorVersion;
				minimumVersion = 3.9.0;
			};
		};
		0D1B1D5C2DDFBB95003BBD80 /* XCRemoteSwiftPackageReference "CodeEditor" */ = {
			isa = XCRemoteSwiftPackageReference;
			repositoryURL = "https://github.com/ZeeZide/CodeEditor.git";
			requirement = {
				kind = upToNextMajorVersion;
				minimumVersion = 1.2.6;
			};
		};
		0D3F28352DDA0EA7004A69D1 /* XCRemoteSwiftPackageReference "DittoSwiftTools" */ = {
			isa = XCRemoteSwiftPackageReference;
			repositoryURL = "https://github.com/getditto/DittoSwiftTools";
			requirement = {
				kind = upToNextMajorVersion;
				minimumVersion = 9.0.1;
			};
		};
		0D3F284C2DDA0EC1004A69D1 /* XCRemoteSwiftPackageReference "DittoSwiftPackage" */ = {
			isa = XCRemoteSwiftPackageReference;
			repositoryURL = "https://github.com/getditto/DittoSwiftPackage";
			requirement = {
				kind = upToNextMajorVersion;
				minimumVersion = 4.14.3;
			};
		};
		0DEBB4502F3BDD1700C11449 /* XCRemoteSwiftPackageReference "textual" */ = {
			isa = XCRemoteSwiftPackageReference;
			repositoryURL = "https://github.com/gonzalezreal/textual";
			requirement = {
				kind = upToNextMajorVersion;
				minimumVersion = 0.3.1;
			};
		};
		0DHIGHLT2E10000000000001 /* XCRemoteSwiftPackageReference "highlightswift" */ = {
			isa = XCRemoteSwiftPackageReference;
			repositoryURL = "https://github.com/appstefan/highlightswift.git";
			requirement = {
				kind = upToNextMajorVersion;
				minimumVersion = 1.1.0;
			};
		};
/* End XCRemoteSwiftPackageReference section */

/* Begin XCSwiftPackageProductDependency section */
		0D1142462F44220F0023BC0C /* CocoaLumberjack */ = {
			isa = XCSwiftPackageProductDependency;
			package = 0D1142452F44220E0023BC0C /* XCRemoteSwiftPackageReference "CocoaLumberjack" */;
			productName = CocoaLumberjack;
		};
		0D1142482F44220F0023BC0C /* CocoaLumberjackSwift */ = {
			isa = XCSwiftPackageProductDependency;
			package = 0D1142452F44220E0023BC0C /* XCRemoteSwiftPackageReference "CocoaLumberjack" */;
			productName = CocoaLumberjackSwift;
		};
		0D11424A2F44220F0023BC0C /* CocoaLumberjackSwiftLogBackend */ = {
			isa = XCSwiftPackageProductDependency;
			package = 0D1142452F44220E0023BC0C /* XCRemoteSwiftPackageReference "CocoaLumberjack" */;
			productName = CocoaLumberjackSwiftLogBackend;
		};
		0D1B1D5D2DDFBB95003BBD80 /* CodeEditor */ = {
			isa = XCSwiftPackageProductDependency;
			package = 0D1B1D5C2DDFBB95003BBD80 /* XCRemoteSwiftPackageReference "CodeEditor" */;
			productName = CodeEditor;
		};
		0D3F28362DDA0EA7004A69D1 /* DittoAllToolsMenu */ = {
			isa = XCSwiftPackageProductDependency;
			package = 0D3F28352DDA0EA7004A69D1 /* XCRemoteSwiftPackageReference "DittoSwiftTools" */;
			productName = DittoAllToolsMenu;
		};
		0D3F28382DDA0EA7004A69D1 /* DittoDataBrowser */ = {
			isa = XCSwiftPackageProductDependency;
			package = 0D3F28352DDA0EA7004A69D1 /* XCRemoteSwiftPackageReference "DittoSwiftTools" */;
			productName = DittoDataBrowser;
		};
		0D3F283A2DDA0EA7004A69D1 /* DittoDiskUsage */ = {
			isa = XCSwiftPackageProductDependency;
			package = 0D3F28352DDA0EA7004A69D1 /* XCRemoteSwiftPackageReference "DittoSwiftTools" */;
			productName = DittoDiskUsage;
		};
		0D3F283C2DDA0EA7004A69D1 /* DittoExportData */ = {
			isa = XCSwiftPackageProductDependency;
			package = 0D3F28352DDA0EA7004A69D1 /* XCRemoteSwiftPackageReference "DittoSwiftTools" */;
			productName = DittoExportData;
		};
		0D3F283E2DDA0EA7004A69D1 /* DittoExportLogs */ = {
			isa = XCSwiftPackageProductDependency;
			package = 0D3F28352DDA0EA7004A69D1 /* XCRemoteSwiftPackageReference "DittoSwiftTools" */;
			productName = DittoExportLogs;
		};
		0D3F28402DDA0EA7004A69D1 /* DittoHealthMetrics */ = {
			isa = XCSwiftPackageProductDependency;
			package = 0D3F28352DDA0EA7004A69D1 /* XCRemoteSwiftPackageReference "DittoSwiftTools" */;
			productName = DittoHealthMetrics;
		};
		0D3F28422DDA0EA7004A69D1 /* DittoHeartbeat */ = {
			isa = XCSwiftPackageProductDependency;
			package = 0D3F28352DDA0EA7004A69D1 /* XCRemoteSwiftPackageReference "DittoSwiftTools" */;
			productName = DittoHeartbeat;
		};
		0D3F28442DDA0EA7004A69D1 /* DittoPeersList */ = {
			isa = XCSwiftPackageProductDependency;
			package = 0D3F28352DDA0EA7004A69D1 /* XCRemoteSwiftPackageReference "DittoSwiftTools" */;
			productName = DittoPeersList;
		};
		0D3F28462DDA0EA7004A69D1 /* DittoPermissionsHealth */ = {
			isa = XCSwiftPackageProductDependency;
			package = 0D3F28352DDA0EA7004A69D1 /* XCRemoteSwiftPackageReference "DittoSwiftTools" */;
			productName = DittoPermissionsHealth;
		};
		0D3F28482DDA0EA7004A69D1 /* DittoPresenceDegradation */ = {
			isa = XCSwiftPackageProductDependency;
			package = 0D3F28352DDA0EA7004A69D1 /* XCRemoteSwiftPackageReference "DittoSwiftTools" */;
			productName = DittoPresenceDegradation;
		};
		0D3F284A2DDA0EA7004A69D1 /* DittoPresenceViewer */ = {
			isa = XCSwiftPackageProductDependency;
			package = 0D3F28352DDA0EA7004A69D1 /* XCRemoteSwiftPackageReference "DittoSwiftTools" */;
			productName = DittoPresenceViewer;
		};
		0D3F284D2DDA0EC1004A69D1 /* DittoObjC */ = {
			isa = XCSwiftPackageProductDependency;
			package = 0D3F284C2DDA0EC1004A69D1 /* XCRemoteSwiftPackageReference "DittoSwiftPackage" */;
			productName = DittoObjC;
		};
		0D3F284F2DDA0EC1004A69D1 /* DittoSwift */ = {
			isa = XCSwiftPackageProductDependency;
			package = 0D3F284C2DDA0EC1004A69D1 /* XCRemoteSwiftPackageReference "DittoSwiftPackage" */;
			productName = DittoSwift;
		};
		0DEBB4512F3BDD1700C11449 /* Textual */ = {
			isa = XCSwiftPackageProductDependency;
			package = 0DEBB4502F3BDD1700C11449 /* XCRemoteSwiftPackageReference "textual" */;
			productName = Textual;
		};
		0DHIGHLT2E10000000000003 /* HighlightSwift */ = {
			isa = XCSwiftPackageProductDependency;
			package = 0DHIGHLT2E10000000000001 /* XCRemoteSwiftPackageReference "highlightswift" */;
			productName = HighlightSwift;
		};
/* End XCSwiftPackageProductDependency section */
	};
	rootObject = 0D3F27CB2DDA00FA004A69D1 /* Project object */;
}
