{
  "originHash" : "fcc3ccaba83b930b10a0d9c76737b3eda3f77e1e45680e2f5ba5176fad00457e",
  "pins" : [
    {
      "identity" : "codeeditor",
      "kind" : "remoteSourceControl",
      "location" : "https://github.com/ZeeZide/CodeEditor.git",
      "state" : {
        "revision" : "f5c076b94f4ceb05abff88ba91d75a8d57143f0c",
        "version" : "1.2.6"
      }
    },
    {
      "identity" : "dittopresenceviewercore",
      "kind" : "remoteSourceControl",
      "location" : "https://github.com/getditto/DittoPresenceViewerCore.git",
      "state" : {
        "revision" : "4e8a4f131c21926194ac1dfad2333d9a6aef368a",
        "version" : "2.1.2"
      }
    },
    {
      "identity" : "dittoswiftpackage",
      "kind" : "remoteSourceControl",
      "location" : "https://github.com/getditto/DittoSwiftPackage",
      "state" : {
        "revision" : "fa5bcf27e1ea9a5ce596d4af27ac2cff8f1fb4e8",
        "version" : "4.11.0"
      }
    },
    {
      "identity" : "dittoswifttools",
      "kind" : "remoteSourceControl",
      "location" : "https://github.com/getditto/DittoSwiftTools",
      "state" : {
        "revision" : "adce8a857be77c64dcf363d92da2547a7f2aaf8d",
        "version" : "8.1.0"
      }
    },
    {
      "identity" : "highlightr",
      "kind" : "remoteSourceControl",
      "location" : "https://github.com/helje5/Highlightr",
      "state" : {
        "revision" : "bd0358056ff1f12ea83833a9fc1b3b5a396a9da0",
        "version" : "3.0.2"
      }
    },
    {
      "identity" : "swift-collections",
      "kind" : "remoteSourceControl",
      "location" : "https://github.com/apple/swift-collections",
      "state" : {
        "revision" : "671108c96644956dddcd89dd59c203dcdb36cec7",
        "version" : "1.1.4"
      }
    }
  ],
  "version" : 3
}
