{
  "originHash" : "339af1957b40ecd03cd97f9ddb34e038ab3d1475d3ae20bcd371f9e280243a02",
  "pins" : [
    {
      "identity" : "codeeditor",
      "kind" : "remoteSourceControl",
      "location" : "https://github.com/ZeeZide/CodeEditor.git",
      "state" : {
        "revision" : "f5c076b94f4ceb05abff88ba91d75a8d57143f0c",
        "version" : "1.2.6"
      }
    },
    {
      "identity" : "dittopresenceviewercore",
      "kind" : "remoteSourceControl",
      "location" : "https://github.com/getditto/DittoPresenceViewerCore.git",
      "state" : {
        "revision" : "4e8a4f131c21926194ac1dfad2333d9a6aef368a",
        "version" : "2.1.2"
      }
    },
    {
      "identity" : "dittoswiftpackage",
      "kind" : "remoteSourceControl",
      "location" : "https://github.com/getditto/DittoSwiftPackage",
      "state" : {
        "revision" : "61d0027eef10737df1aacef7237cf5e2f126c46d",
        "version" : "4.10.2"
      }
    },
    {
      "identity" : "dittoswifttools",
      "kind" : "remoteSourceControl",
      "location" : "https://github.com/getditto/DittoSwiftTools",
      "state" : {
        "revision" : "974a281d0fc0ac35ee948e7d29c4875344af67bd",
        "version" : "8.0.0"
      }
    },
    {
      "identity" : "highlightr",
      "kind" : "remoteSourceControl",
      "location" : "https://github.com/helje5/Highlightr",
      "state" : {
        "revision" : "bd0358056ff1f12ea83833a9fc1b3b5a396a9da0",
        "version" : "3.0.2"
      }
    },
    {
      "identity" : "swift-collections",
      "kind" : "remoteSourceControl",
      "location" : "https://github.com/apple/swift-collections",
      "state" : {
        "revision" : "671108c96644956dddcd89dd59c203dcdb36cec7",
        "version" : "1.1.4"
      }
    }
  ],
  "version" : 3
}
