// !$*UTF8*$!
{
	archiveVersion = 1;
	classes = {
	};
	objectVersion = 77;
	objects = {

/* Begin PBXBuildFile section */
		0D1B1D5E2DDFBB95003BBD80 /* CodeEditor in Frameworks */ = {isa = PBXBuildFile; productRef = 0D1B1D5D2DDFBB95003BBD80 /* CodeEditor */; };
		0D3F28372DDA0EA7004A69D1 /* DittoAllToolsMenu in Frameworks */ = {isa = PBXBuildFile; productRef = 0D3F28362DDA0EA7004A69D1 /* DittoAllToolsMenu */; };
		0D3F28392DDA0EA7004A69D1 /* DittoDataBrowser in Frameworks */ = {isa = PBXBuildFile; productRef = 0D3F28382DDA0EA7004A69D1 /* DittoDataBrowser */; };
		0D3F283B2DDA0EA7004A69D1 /* DittoDiskUsage in Frameworks */ = {isa = PBXBuildFile; productRef = 0D3F283A2DDA0EA7004A69D1 /* DittoDiskUsage */; };
		0D3F283D2DDA0EA7004A69D1 /* DittoExportData in Frameworks */ = {isa = PBXBuildFile; productRef = 0D3F283C2DDA0EA7004A69D1 /* DittoExportData */; };
		0D3F283F2DDA0EA7004A69D1 /* DittoExportLogs in Frameworks */ = {isa = PBXBuildFile; productRef = 0D3F283E2DDA0EA7004A69D1 /* DittoExportLogs */; };
		0D3F28412DDA0EA7004A69D1 /* DittoHealthMetrics in Frameworks */ = {isa = PBXBuildFile; productRef = 0D3F28402DDA0EA7004A69D1 /* DittoHealthMetrics */; };
		0D3F28432DDA0EA7004A69D1 /* DittoHeartbeat in Frameworks */ = {isa = PBXBuildFile; productRef = 0D3F28422DDA0EA7004A69D1 /* DittoHeartbeat */; };
		0D3F28452DDA0EA7004A69D1 /* DittoPeersList in Frameworks */ = {isa = PBXBuildFile; productRef = 0D3F28442DDA0EA7004A69D1 /* DittoPeersList */; };
		0D3F28472DDA0EA7004A69D1 /* DittoPermissionsHealth in Frameworks */ = {isa = PBXBuildFile; productRef = 0D3F28462DDA0EA7004A69D1 /* DittoPermissionsHealth */; };
		0D3F28492DDA0EA7004A69D1 /* DittoPresenceDegradation in Frameworks */ = {isa = PBXBuildFile; productRef = 0D3F28482DDA0EA7004A69D1 /* DittoPresenceDegradation */; };
		0D3F284B2DDA0EA7004A69D1 /* DittoPresenceViewer in Frameworks */ = {isa = PBXBuildFile; productRef = 0D3F284A2DDA0EA7004A69D1 /* DittoPresenceViewer */; };
		0D3F284E2DDA0EC1004A69D1 /* DittoObjC in Frameworks */ = {isa = PBXBuildFile; productRef = 0D3F284D2DDA0EC1004A69D1 /* DittoObjC */; };
		0D3F28502DDA0EC1004A69D1 /* DittoSwift in Frameworks */ = {isa = PBXBuildFile; productRef = 0D3F284F2DDA0EC1004A69D1 /* DittoSwift */; };
/* End PBXBuildFile section */

/* Begin PBXContainerItemProxy section */
		0D3F27E22DDA00FB004A69D1 /* PBXContainerItemProxy */ = {
			isa = PBXContainerItemProxy;
			containerPortal = 0D3F27CB2DDA00FA004A69D1 /* Project object */;
			proxyType = 1;
			remoteGlobalIDString = 0D3F27D22DDA00FA004A69D1;
			remoteInfo = "Ditto Edge Studio";
		};
		0D3F27EC2DDA00FB004A69D1 /* PBXContainerItemProxy */ = {
			isa = PBXContainerItemProxy;
			containerPortal = 0D3F27CB2DDA00FA004A69D1 /* Project object */;
			proxyType = 1;
			remoteGlobalIDString = 0D3F27D22DDA00FA004A69D1;
			remoteInfo = "Ditto Edge Studio";
		};
/* End PBXContainerItemProxy section */

/* Begin PBXFileReference section */
		0D3F27D32DDA00FA004A69D1 /* Edge Studio.app */ = {isa = PBXFileReference; explicitFileType = wrapper.application; includeInIndex = 0; path = "Edge Studio.app"; sourceTree = BUILT_PRODUCTS_DIR; };
		0D3F27E12DDA00FB004A69D1 /* Edge StudioTests.xctest */ = {isa = PBXFileReference; explicitFileType = wrapper.cfbundle; includeInIndex = 0; path = "Edge StudioTests.xctest"; sourceTree = BUILT_PRODUCTS_DIR; };
		0D3F27EB2DDA00FB004A69D1 /* Edge StudioUITests.xctest */ = {isa = PBXFileReference; explicitFileType = wrapper.cfbundle; includeInIndex = 0; path = "Edge StudioUITests.xctest"; sourceTree = BUILT_PRODUCTS_DIR; };
/* End PBXFileReference section */

/* Begin PBXFileSystemSynchronizedBuildFileExceptionSet section */
		0D3F28142DDA01D2004A69D1 /* Exceptions for "Edge Studio" folder in "Edge StudioTests" target */ = {
			isa = PBXFileSystemSynchronizedBuildFileExceptionSet;
			membershipExceptions = (
				Components/DittoAppCard.swift,
				Components/PaginationControls.swift,
				Components/Pill.swift,
				Components/QueryArgumentEditor.swift,
				Components/QueryEditorView.swift,
				Components/QueryResultsView.swift,
				Components/QueryToolbarView.swift,
				Components/ResultJsonViewer.swift,
				Components/SecureField.swift,
				Data/DittoManager.swift,
				Data/LocalDB/DittoManager_DittoAppConfig.swift,
				Data/LocalDB/DittoManager_LocalSubscription.swift,
				Data/SelectedApp/DittoManager_Import.swift,
				Data/SelectedApp/DittoManager_Lifecycle.swift,
				Data/SelectedApp/DittoManager_Observable.swift,
				Data/SelectedApp/DittoManager_Query.swift,
				Data/SelectedApp/DittoManager_Subscription.swift,
				DittoApp.swift,
				Models/DittoAppConfig.swift,
				Models/DittoCollectionModel.swift,
				Models/DittoObservable.swift,
				Models/DittoObserveEvent.swift,
				Models/DittoQueryHistory.swift,
				Models/DittoSubscription.swift,
				Models/QueryResultsDocument.swift,
				Views/AppEditorView.swift,
				Views/MainStudioView.swift,
				Views/Tabs/DataStoreTabView.swift,
				Views/Tabs/DittoToolsTabView.swift,
				Views/Tabs/QueryTabView.swift,
				Views/Tools/DiskUsageViewer.swift,
				Views/Tools/PermissionsHealthViewer.swift,
				Views/Tools/PresenceViewer.swift,
				Views/Tools/ToolsErrorView.swift,
				Views/Tools/ToolsViewer.swift,
			);
			target = 0D3F27E02DDA00FB004A69D1 /* Edge StudioTests */;
		};
		0D3F28152DDA01D2004A69D1 /* Exceptions for "Edge Studio" folder in "Edge StudioUITests" target */ = {
			isa = PBXFileSystemSynchronizedBuildFileExceptionSet;
			membershipExceptions = (
				Components/DittoAppCard.swift,
				Components/PaginationControls.swift,
				Components/Pill.swift,
				Components/QueryArgumentEditor.swift,
				Components/QueryEditorView.swift,
				Components/QueryResultsView.swift,
				Components/QueryToolbarView.swift,
				Components/ResultJsonViewer.swift,
				Components/SecureField.swift,
				Data/DittoManager.swift,
				Data/LocalDB/DittoManager_DittoAppConfig.swift,
				Data/LocalDB/DittoManager_LocalSubscription.swift,
				Data/SelectedApp/DittoManager_Import.swift,
				Data/SelectedApp/DittoManager_Lifecycle.swift,
				Data/SelectedApp/DittoManager_Observable.swift,
				Data/SelectedApp/DittoManager_Query.swift,
				Data/SelectedApp/DittoManager_Subscription.swift,
				DittoApp.swift,
				Models/DittoAppConfig.swift,
				Models/DittoCollectionModel.swift,
				Models/DittoObservable.swift,
				Models/DittoObserveEvent.swift,
				Models/DittoQueryHistory.swift,
				Models/DittoSubscription.swift,
				Models/QueryResultsDocument.swift,
				Views/AppEditorView.swift,
				Views/MainStudioView.swift,
				Views/Tabs/DataStoreTabView.swift,
				Views/Tabs/DittoToolsTabView.swift,
				Views/Tabs/QueryTabView.swift,
				Views/Tools/DiskUsageViewer.swift,
				Views/Tools/PermissionsHealthViewer.swift,
				Views/Tools/PresenceViewer.swift,
				Views/Tools/ToolsErrorView.swift,
				Views/Tools/ToolsViewer.swift,
			);
			target = 0D3F27EA2DDA00FB004A69D1 /* Edge StudioUITests */;
		};
/* End PBXFileSystemSynchronizedBuildFileExceptionSet section */

/* Begin PBXFileSystemSynchronizedRootGroup section */
		0D3F27D52DDA00FA004A69D1 /* Edge Studio */ = {
			isa = PBXFileSystemSynchronizedRootGroup;
			exceptions = (
				0D3F28142DDA01D2004A69D1 /* Exceptions for "Edge Studio" folder in "Edge StudioTests" target */,
				0D3F28152DDA01D2004A69D1 /* Exceptions for "Edge Studio" folder in "Edge StudioUITests" target */,
			);
			path = "Edge Studio";
			sourceTree = "<group>";
		};
		0D3F27E42DDA00FB004A69D1 /* Edge StudioTests */ = {
			isa = PBXFileSystemSynchronizedRootGroup;
			path = "Edge StudioTests";
			sourceTree = "<group>";
		};
		0D3F27EE2DDA00FB004A69D1 /* Edge StudioUITests */ = {
			isa = PBXFileSystemSynchronizedRootGroup;
			path = "Edge StudioUITests";
			sourceTree = "<group>";
		};
/* End PBXFileSystemSynchronizedRootGroup section */

/* Begin PBXFrameworksBuildPhase section */
		0D3F27D02DDA00FA004A69D1 /* Frameworks */ = {
			isa = PBXFrameworksBuildPhase;
			buildActionMask = 2147483647;
			files = (
				0D3F283B2DDA0EA7004A69D1 /* DittoDiskUsage in Frameworks */,
				0D3F283F2DDA0EA7004A69D1 /* DittoExportLogs in Frameworks */,
				0D3F28502DDA0EC1004A69D1 /* DittoSwift in Frameworks */,
				0D3F28392DDA0EA7004A69D1 /* DittoDataBrowser in Frameworks */,
				0D3F28492DDA0EA7004A69D1 /* DittoPresenceDegradation in Frameworks */,
				0D3F28372DDA0EA7004A69D1 /* DittoAllToolsMenu in Frameworks */,
				0D3F283D2DDA0EA7004A69D1 /* DittoExportData in Frameworks */,
				0D3F28452DDA0EA7004A69D1 /* DittoPeersList in Frameworks */,
				0D3F284B2DDA0EA7004A69D1 /* DittoPresenceViewer in Frameworks */,
				0D3F28432DDA0EA7004A69D1 /* DittoHeartbeat in Frameworks */,
				0D3F28472DDA0EA7004A69D1 /* DittoPermissionsHealth in Frameworks */,
				0D3F28412DDA0EA7004A69D1 /* DittoHealthMetrics in Frameworks */,
				0D1B1D5E2DDFBB95003BBD80 /* CodeEditor in Frameworks */,
				0D3F284E2DDA0EC1004A69D1 /* DittoObjC in Frameworks */,
			);
			runOnlyForDeploymentPostprocessing = 0;
		};
		0D3F27DE2DDA00FB004A69D1 /* Frameworks */ = {
			isa = PBXFrameworksBuildPhase;
			buildActionMask = 2147483647;
			files = (
			);
			runOnlyForDeploymentPostprocessing = 0;
		};
		0D3F27E82DDA00FB004A69D1 /* Frameworks */ = {
			isa = PBXFrameworksBuildPhase;
			buildActionMask = 2147483647;
			files = (
			);
			runOnlyForDeploymentPostprocessing = 0;
		};
/* End PBXFrameworksBuildPhase section */

/* Begin PBXGroup section */
		0D3F27CA2DDA00FA004A69D1 = {
			isa = PBXGroup;
			children = (
				0D3F27D52DDA00FA004A69D1 /* Edge Studio */,
				0D3F27E42DDA00FB004A69D1 /* Edge StudioTests */,
				0D3F27EE2DDA00FB004A69D1 /* Edge StudioUITests */,
				0D3F27D42DDA00FA004A69D1 /* Products */,
			);
			sourceTree = "<group>";
		};
		0D3F27D42DDA00FA004A69D1 /* Products */ = {
			isa = PBXGroup;
			children = (
				0D3F27D32DDA00FA004A69D1 /* Edge Studio.app */,
				0D3F27E12DDA00FB004A69D1 /* Edge StudioTests.xctest */,
				0D3F27EB2DDA00FB004A69D1 /* Edge StudioUITests.xctest */,
			);
			name = Products;
			sourceTree = "<group>";
		};
/* End PBXGroup section */

/* Begin PBXNativeTarget section */
		0D3F27D22DDA00FA004A69D1 /* Edge Studio */ = {
			isa = PBXNativeTarget;
			buildConfigurationList = 0D3F27F52DDA00FB004A69D1 /* Build configuration list for PBXNativeTarget "Edge Studio" */;
			buildPhases = (
				0D3F27CF2DDA00FA004A69D1 /* Sources */,
				0D3F27D02DDA00FA004A69D1 /* Frameworks */,
				0D3F27D12DDA00FA004A69D1 /* Resources */,
			);
			buildRules = (
			);
			dependencies = (
			);
			fileSystemSynchronizedGroups = (
				0D3F27D52DDA00FA004A69D1 /* Edge Studio */,
			);
			name = "Edge Studio";
			packageProductDependencies = (
				0D3F28362DDA0EA7004A69D1 /* DittoAllToolsMenu */,
				0D3F28382DDA0EA7004A69D1 /* DittoDataBrowser */,
				0D3F283A2DDA0EA7004A69D1 /* DittoDiskUsage */,
				0D3F283C2DDA0EA7004A69D1 /* DittoExportData */,
				0D3F283E2DDA0EA7004A69D1 /* DittoExportLogs */,
				0D3F28402DDA0EA7004A69D1 /* DittoHealthMetrics */,
				0D3F28422DDA0EA7004A69D1 /* DittoHeartbeat */,
				0D3F28442DDA0EA7004A69D1 /* DittoPeersList */,
				0D3F28462DDA0EA7004A69D1 /* DittoPermissionsHealth */,
				0D3F28482DDA0EA7004A69D1 /* DittoPresenceDegradation */,
				0D3F284A2DDA0EA7004A69D1 /* DittoPresenceViewer */,
				0D3F284D2DDA0EC1004A69D1 /* DittoObjC */,
				0D3F284F2DDA0EC1004A69D1 /* DittoSwift */,
				0D1B1D5D2DDFBB95003BBD80 /* CodeEditor */,
			);
			productName = "Ditto Edge Studio";
			productReference = 0D3F27D32DDA00FA004A69D1 /* Edge Studio.app */;
			productType = "com.apple.product-type.application";
		};
		0D3F27E02DDA00FB004A69D1 /* Edge StudioTests */ = {
			isa = PBXNativeTarget;
			buildConfigurationList = 0D3F27F82DDA00FB004A69D1 /* Build configuration list for PBXNativeTarget "Edge StudioTests" */;
			buildPhases = (
				0D3F27DD2DDA00FB004A69D1 /* Sources */,
				0D3F27DE2DDA00FB004A69D1 /* Frameworks */,
				0D3F27DF2DDA00FB004A69D1 /* Resources */,
			);
			buildRules = (
			);
			dependencies = (
				0D3F27E32DDA00FB004A69D1 /* PBXTargetDependency */,
			);
			fileSystemSynchronizedGroups = (
				0D3F27E42DDA00FB004A69D1 /* Edge StudioTests */,
			);
			name = "Edge StudioTests";
			packageProductDependencies = (
			);
			productName = "Ditto Edge StudioTests";
			productReference = 0D3F27E12DDA00FB004A69D1 /* Edge StudioTests.xctest */;
			productType = "com.apple.product-type.bundle.unit-test";
		};
		0D3F27EA2DDA00FB004A69D1 /* Edge StudioUITests */ = {
			isa = PBXNativeTarget;
			buildConfigurationList = 0D3F27FB2DDA00FB004A69D1 /* Build configuration list for PBXNativeTarget "Edge StudioUITests" */;
			buildPhases = (
				0D3F27E72DDA00FB004A69D1 /* Sources */,
				0D3F27E82DDA00FB004A69D1 /* Frameworks */,
				0D3F27E92DDA00FB004A69D1 /* Resources */,
			);
			buildRules = (
			);
			dependencies = (
				0D3F27ED2DDA00FB004A69D1 /* PBXTargetDependency */,
			);
			fileSystemSynchronizedGroups = (
				0D3F27EE2DDA00FB004A69D1 /* Edge StudioUITests */,
			);
			name = "Edge StudioUITests";
			packageProductDependencies = (
			);
			productName = "Ditto Edge StudioUITests";
			productReference = 0D3F27EB2DDA00FB004A69D1 /* Edge StudioUITests.xctest */;
			productType = "com.apple.product-type.bundle.ui-testing";
		};
/* End PBXNativeTarget section */

/* Begin PBXProject section */
		0D3F27CB2DDA00FA004A69D1 /* Project object */ = {
			isa = PBXProject;
			attributes = {
				BuildIndependentTargetsInParallel = 1;
				LastSwiftUpdateCheck = 1630;
				LastUpgradeCheck = 1640;
				TargetAttributes = {
					0D3F27D22DDA00FA004A69D1 = {
						CreatedOnToolsVersion = 16.3;
					};
					0D3F27E02DDA00FB004A69D1 = {
						CreatedOnToolsVersion = 16.3;
						TestTargetID = 0D3F27D22DDA00FA004A69D1;
					};
					0D3F27EA2DDA00FB004A69D1 = {
						CreatedOnToolsVersion = 16.3;
						TestTargetID = 0D3F27D22DDA00FA004A69D1;
					};
				};
			};
			buildConfigurationList = 0D3F27CE2DDA00FA004A69D1 /* Build configuration list for PBXProject "Edge Studio" */;
			developmentRegion = en;
			hasScannedForEncodings = 0;
			knownRegions = (
				en,
				Base,
			);
			mainGroup = 0D3F27CA2DDA00FA004A69D1;
			minimizedProjectReferenceProxies = 1;
			packageReferences = (
				0D3F28352DDA0EA7004A69D1 /* XCRemoteSwiftPackageReference "DittoSwiftTools" */,
				0D3F284C2DDA0EC1004A69D1 /* XCRemoteSwiftPackageReference "DittoSwiftPackage" */,
				0D1B1D5C2DDFBB95003BBD80 /* XCRemoteSwiftPackageReference "CodeEditor" */,
			);
			preferredProjectObjectVersion = 77;
			productRefGroup = 0D3F27D42DDA00FA004A69D1 /* Products */;
			projectDirPath = "";
			projectRoot = "";
			targets = (
				0D3F27D22DDA00FA004A69D1 /* Edge Studio */,
				0D3F27E02DDA00FB004A69D1 /* Edge StudioTests */,
				0D3F27EA2DDA00FB004A69D1 /* Edge StudioUITests */,
			);
		};
/* End PBXProject section */

/* Begin PBXResourcesBuildPhase section */
		0D3F27D12DDA00FA004A69D1 /* Resources */ = {
			isa = PBXResourcesBuildPhase;
			buildActionMask = 2147483647;
			files = (
			);
			runOnlyForDeploymentPostprocessing = 0;
		};
		0D3F27DF2DDA00FB004A69D1 /* Resources */ = {
			isa = PBXResourcesBuildPhase;
			buildActionMask = 2147483647;
			files = (
			);
			runOnlyForDeploymentPostprocessing = 0;
		};
		0D3F27E92DDA00FB004A69D1 /* Resources */ = {
			isa = PBXResourcesBuildPhase;
			buildActionMask = 2147483647;
			files = (
			);
			runOnlyForDeploymentPostprocessing = 0;
		};
/* End PBXResourcesBuildPhase section */

/* Begin PBXSourcesBuildPhase section */
		0D3F27CF2DDA00FA004A69D1 /* Sources */ = {
			isa = PBXSourcesBuildPhase;
			buildActionMask = 2147483647;
			files = (
			);
			runOnlyForDeploymentPostprocessing = 0;
		};
		0D3F27DD2DDA00FB004A69D1 /* Sources */ = {
			isa = PBXSourcesBuildPhase;
			buildActionMask = 2147483647;
			files = (
			);
			runOnlyForDeploymentPostprocessing = 0;
		};
		0D3F27E72DDA00FB004A69D1 /* Sources */ = {
			isa = PBXSourcesBuildPhase;
			buildActionMask = 2147483647;
			files = (
			);
			runOnlyForDeploymentPostprocessing = 0;
		};
/* End PBXSourcesBuildPhase section */

/* Begin PBXTargetDependency section */
		0D3F27E32DDA00FB004A69D1 /* PBXTargetDependency */ = {
			isa = PBXTargetDependency;
			target = 0D3F27D22DDA00FA004A69D1 /* Edge Studio */;
			targetProxy = 0D3F27E22DDA00FB004A69D1 /* PBXContainerItemProxy */;
		};
		0D3F27ED2DDA00FB004A69D1 /* PBXTargetDependency */ = {
			isa = PBXTargetDependency;
			target = 0D3F27D22DDA00FA004A69D1 /* Edge Studio */;
			targetProxy = 0D3F27EC2DDA00FB004A69D1 /* PBXContainerItemProxy */;
		};
/* End PBXTargetDependency section */

/* Begin XCBuildConfiguration section */
		0D3F27F32DDA00FB004A69D1 /* Debug */ = {
			isa = XCBuildConfiguration;
			buildSettings = {
				ALWAYS_SEARCH_USER_PATHS = NO;
				ASSETCATALOG_COMPILER_GENERATE_SWIFT_ASSET_SYMBOL_EXTENSIONS = YES;
				CLANG_ANALYZER_NONNULL = YES;
				CLANG_ANALYZER_NUMBER_OBJECT_CONVERSION = YES_AGGRESSIVE;
				CLANG_CXX_LANGUAGE_STANDARD = "gnu++20";
				CLANG_ENABLE_MODULES = YES;
				CLANG_ENABLE_OBJC_ARC = YES;
				CLANG_ENABLE_OBJC_WEAK = YES;
				CLANG_WARN_BLOCK_CAPTURE_AUTORELEASING = YES;
				CLANG_WARN_BOOL_CONVERSION = YES;
				CLANG_WARN_COMMA = YES;
				CLANG_WARN_CONSTANT_CONVERSION = YES;
				CLANG_WARN_DEPRECATED_OBJC_IMPLEMENTATIONS = YES;
				CLANG_WARN_DIRECT_OBJC_ISA_USAGE = YES_ERROR;
				CLANG_WARN_DOCUMENTATION_COMMENTS = YES;
				CLANG_WARN_EMPTY_BODY = YES;
				CLANG_WARN_ENUM_CONVERSION = YES;
				CLANG_WARN_INFINITE_RECURSION = YES;
				CLANG_WARN_INT_CONVERSION = YES;
				CLANG_WARN_NON_LITERAL_NULL_CONVERSION = YES;
				CLANG_WARN_OBJC_IMPLICIT_RETAIN_SELF = YES;
				CLANG_WARN_OBJC_LITERAL_CONVERSION = YES;
				CLANG_WARN_OBJC_ROOT_CLASS = YES_ERROR;
				CLANG_WARN_QUOTED_INCLUDE_IN_FRAMEWORK_HEADER = YES;
				CLANG_WARN_RANGE_LOOP_ANALYSIS = YES;
				CLANG_WARN_STRICT_PROTOTYPES = YES;
				CLANG_WARN_SUSPICIOUS_MOVE = YES;
				CLANG_WARN_UNGUARDED_AVAILABILITY = YES_AGGRESSIVE;
				CLANG_WARN_UNREACHABLE_CODE = YES;
				CLANG_WARN__DUPLICATE_METHOD_MATCH = YES;
				COPY_PHASE_STRIP = NO;
				DEAD_CODE_STRIPPING = YES;
				DEBUG_INFORMATION_FORMAT = dwarf;
				DEVELOPMENT_TEAM = E3FRN9JNGJ;
				ENABLE_STRICT_OBJC_MSGSEND = YES;
				ENABLE_TESTABILITY = YES;
				ENABLE_USER_SCRIPT_SANDBOXING = YES;
				GCC_C_LANGUAGE_STANDARD = gnu17;
				GCC_DYNAMIC_NO_PIC = NO;
				GCC_NO_COMMON_BLOCKS = YES;
				GCC_OPTIMIZATION_LEVEL = 0;
				GCC_PREPROCESSOR_DEFINITIONS = (
					"DEBUG=1",
					"$(inherited)",
				);
				GCC_WARN_64_TO_32_BIT_CONVERSION = YES;
				GCC_WARN_ABOUT_RETURN_TYPE = YES_ERROR;
				GCC_WARN_UNDECLARED_SELECTOR = YES;
				GCC_WARN_UNINITIALIZED_AUTOS = YES_AGGRESSIVE;
				GCC_WARN_UNUSED_FUNCTION = YES;
				GCC_WARN_UNUSED_VARIABLE = YES;
				LOCALIZATION_PREFERS_STRING_CATALOGS = YES;
				MTL_ENABLE_DEBUG_INFO = INCLUDE_SOURCE;
				MTL_FAST_MATH = YES;
				ONLY_ACTIVE_ARCH = YES;
				SWIFT_ACTIVE_COMPILATION_CONDITIONS = "DEBUG $(inherited)";
				SWIFT_OPTIMIZATION_LEVEL = "-Onone";
			};
			name = Debug;
		};
		0D3F27F42DDA00FB004A69D1 /* Release */ = {
			isa = XCBuildConfiguration;
			buildSettings = {
				ALWAYS_SEARCH_USER_PATHS = NO;
				ASSETCATALOG_COMPILER_GENERATE_SWIFT_ASSET_SYMBOL_EXTENSIONS = YES;
				CLANG_ANALYZER_NONNULL = YES;
				CLANG_ANALYZER_NUMBER_OBJECT_CONVERSION = YES_AGGRESSIVE;
				CLANG_CXX_LANGUAGE_STANDARD = "gnu++20";
				CLANG_ENABLE_MODULES = YES;
				CLANG_ENABLE_OBJC_ARC = YES;
				CLANG_ENABLE_OBJC_WEAK = YES;
				CLANG_WARN_BLOCK_CAPTURE_AUTORELEASING = YES;
				CLANG_WARN_BOOL_CONVERSION = YES;
				CLANG_WARN_COMMA = YES;
				CLANG_WARN_CONSTANT_CONVERSION = YES;
				CLANG_WARN_DEPRECATED_OBJC_IMPLEMENTATIONS = YES;
				CLANG_WARN_DIRECT_OBJC_ISA_USAGE = YES_ERROR;
				CLANG_WARN_DOCUMENTATION_COMMENTS = YES;
				CLANG_WARN_EMPTY_BODY = YES;
				CLANG_WARN_ENUM_CONVERSION = YES;
				CLANG_WARN_INFINITE_RECURSION = YES;
				CLANG_WARN_INT_CONVERSION = YES;
				CLANG_WARN_NON_LITERAL_NULL_CONVERSION = YES;
				CLANG_WARN_OBJC_IMPLICIT_RETAIN_SELF = YES;
				CLANG_WARN_OBJC_LITERAL_CONVERSION = YES;
				CLANG_WARN_OBJC_ROOT_CLASS = YES_ERROR;
				CLANG_WARN_QUOTED_INCLUDE_IN_FRAMEWORK_HEADER = YES;
				CLANG_WARN_RANGE_LOOP_ANALYSIS = YES;
				CLANG_WARN_STRICT_PROTOTYPES = YES;
				CLANG_WARN_SUSPICIOUS_MOVE = YES;
				CLANG_WARN_UNGUARDED_AVAILABILITY = YES_AGGRESSIVE;
				CLANG_WARN_UNREACHABLE_CODE = YES;
				CLANG_WARN__DUPLICATE_METHOD_MATCH = YES;
				COPY_PHASE_STRIP = NO;
				DEAD_CODE_STRIPPING = YES;
				DEBUG_INFORMATION_FORMAT = "dwarf-with-dsym";
				DEVELOPMENT_TEAM = E3FRN9JNGJ;
				ENABLE_NS_ASSERTIONS = NO;
				ENABLE_STRICT_OBJC_MSGSEND = YES;
				ENABLE_USER_SCRIPT_SANDBOXING = YES;
				GCC_C_LANGUAGE_STANDARD = gnu17;
				GCC_NO_COMMON_BLOCKS = YES;
				GCC_WARN_64_TO_32_BIT_CONVERSION = YES;
				GCC_WARN_ABOUT_RETURN_TYPE = YES_ERROR;
				GCC_WARN_UNDECLARED_SELECTOR = YES;
				GCC_WARN_UNINITIALIZED_AUTOS = YES_AGGRESSIVE;
				GCC_WARN_UNUSED_FUNCTION = YES;
				GCC_WARN_UNUSED_VARIABLE = YES;
				LOCALIZATION_PREFERS_STRING_CATALOGS = YES;
				MTL_ENABLE_DEBUG_INFO = NO;
				MTL_FAST_MATH = YES;
				SWIFT_COMPILATION_MODE = wholemodule;
			};
			name = Release;
		};
		0D3F27F62DDA00FB004A69D1 /* Debug */ = {
			isa = XCBuildConfiguration;
			buildSettings = {
				ASSETCATALOG_COMPILER_APPICON_NAME = AppIcon;
				ASSETCATALOG_COMPILER_GLOBAL_ACCENT_COLOR_NAME = AccentColor;
				CODE_SIGN_ENTITLEMENTS = "Edge Studio/Ditto_Edge_Studio.entitlements";
				CODE_SIGN_STYLE = Automatic;
				CURRENT_PROJECT_VERSION = 1;
				DEAD_CODE_STRIPPING = YES;
				DEVELOPMENT_TEAM = E3FRN9JNGJ;
				ENABLE_HARDENED_RUNTIME = YES;
				ENABLE_PREVIEWS = YES;
				GENERATE_INFOPLIST_FILE = YES;
				INFOPLIST_FILE = "Ditto-Edge-Studio-Info.plist";
				INFOPLIST_KEY_CFBundleDisplayName = "Edge Studio";
				INFOPLIST_KEY_LSApplicationCategoryType = "public.app-category.developer-tools";
				INFOPLIST_KEY_NSBluetoothAlwaysUsageDescription = "Uses Bluetooth to connect and sync with nearby devices";
				INFOPLIST_KEY_NSBluetoothPeripheralUsageDescription = "Uses Bluetooth to connect and sync with nearby devices";
				INFOPLIST_KEY_NSLocalNetworkUsageDescription = "Uses WiFi to connect and sync with nearby devices";
				"INFOPLIST_KEY_UIApplicationSceneManifest_Generation[sdk=iphoneos*]" = YES;
				"INFOPLIST_KEY_UIApplicationSceneManifest_Generation[sdk=iphonesimulator*]" = YES;
				"INFOPLIST_KEY_UIApplicationSupportsIndirectInputEvents[sdk=iphoneos*]" = YES;
				"INFOPLIST_KEY_UIApplicationSupportsIndirectInputEvents[sdk=iphonesimulator*]" = YES;
				"INFOPLIST_KEY_UILaunchScreen_Generation[sdk=iphoneos*]" = YES;
				"INFOPLIST_KEY_UILaunchScreen_Generation[sdk=iphonesimulator*]" = YES;
				"INFOPLIST_KEY_UIStatusBarStyle[sdk=iphoneos*]" = UIStatusBarStyleDefault;
				"INFOPLIST_KEY_UIStatusBarStyle[sdk=iphonesimulator*]" = UIStatusBarStyleDefault;
				INFOPLIST_KEY_UISupportedInterfaceOrientations_iPad = "UIInterfaceOrientationPortrait UIInterfaceOrientationPortraitUpsideDown UIInterfaceOrientationLandscapeLeft UIInterfaceOrientationLandscapeRight";
				INFOPLIST_KEY_UISupportedInterfaceOrientations_iPhone = "UIInterfaceOrientationPortrait UIInterfaceOrientationLandscapeLeft UIInterfaceOrientationLandscapeRight";
				IPHONEOS_DEPLOYMENT_TARGET = 18.0;
				LD_RUNPATH_SEARCH_PATHS = "@executable_path/Frameworks";
				"LD_RUNPATH_SEARCH_PATHS[sdk=macosx*]" = "@executable_path/../Frameworks";
				MACOSX_DEPLOYMENT_TARGET = 15.0;
				MARKETING_VERSION = 1.0;
				PRODUCT_BUNDLE_IDENTIFIER = com.costoda.dittoedgestudio;
				PRODUCT_NAME = "$(TARGET_NAME)";
				REGISTER_APP_GROUPS = YES;
				SDKROOT = auto;
				SUPPORTED_PLATFORMS = "iphoneos iphonesimulator macosx xros xrsimulator";
				SWIFT_EMIT_LOC_STRINGS = YES;
				SWIFT_VERSION = 5.0;
				TARGETED_DEVICE_FAMILY = "1,2,7";
				XROS_DEPLOYMENT_TARGET = 2.0;
			};
			name = Debug;
		};
		0D3F27F72DDA00FB004A69D1 /* Release */ = {
			isa = XCBuildConfiguration;
			buildSettings = {
				ASSETCATALOG_COMPILER_APPICON_NAME = AppIcon;
				ASSETCATALOG_COMPILER_GLOBAL_ACCENT_COLOR_NAME = AccentColor;
				CODE_SIGN_ENTITLEMENTS = "Ditto Edge Studio/Ditto_Edge_Studio.entitlements";
				CODE_SIGN_STYLE = Automatic;
				CURRENT_PROJECT_VERSION = 1;
				DEAD_CODE_STRIPPING = YES;
				DEVELOPMENT_TEAM = E3FRN9JNGJ;
				ENABLE_HARDENED_RUNTIME = YES;
				ENABLE_PREVIEWS = YES;
				GENERATE_INFOPLIST_FILE = YES;
				INFOPLIST_FILE = "Ditto-Edge-Studio-Info.plist";
				INFOPLIST_KEY_CFBundleDisplayName = "Edge Studio";
				INFOPLIST_KEY_LSApplicationCategoryType = "public.app-category.developer-tools";
				INFOPLIST_KEY_NSBluetoothAlwaysUsageDescription = "Uses Bluetooth to connect and sync with nearby devices";
				INFOPLIST_KEY_NSBluetoothPeripheralUsageDescription = "Uses Bluetooth to connect and sync with nearby devices";
				INFOPLIST_KEY_NSLocalNetworkUsageDescription = "Uses WiFi to connect and sync with nearby devices";
				"INFOPLIST_KEY_UIApplicationSceneManifest_Generation[sdk=iphoneos*]" = YES;
				"INFOPLIST_KEY_UIApplicationSceneManifest_Generation[sdk=iphonesimulator*]" = YES;
				"INFOPLIST_KEY_UIApplicationSupportsIndirectInputEvents[sdk=iphoneos*]" = YES;
				"INFOPLIST_KEY_UIApplicationSupportsIndirectInputEvents[sdk=iphonesimulator*]" = YES;
				"INFOPLIST_KEY_UILaunchScreen_Generation[sdk=iphoneos*]" = YES;
				"INFOPLIST_KEY_UILaunchScreen_Generation[sdk=iphonesimulator*]" = YES;
				"INFOPLIST_KEY_UIStatusBarStyle[sdk=iphoneos*]" = UIStatusBarStyleDefault;
				"INFOPLIST_KEY_UIStatusBarStyle[sdk=iphonesimulator*]" = UIStatusBarStyleDefault;
				INFOPLIST_KEY_UISupportedInterfaceOrientations_iPad = "UIInterfaceOrientationPortrait UIInterfaceOrientationPortraitUpsideDown UIInterfaceOrientationLandscapeLeft UIInterfaceOrientationLandscapeRight";
				INFOPLIST_KEY_UISupportedInterfaceOrientations_iPhone = "UIInterfaceOrientationPortrait UIInterfaceOrientationLandscapeLeft UIInterfaceOrientationLandscapeRight";
				IPHONEOS_DEPLOYMENT_TARGET = 18.0;
				LD_RUNPATH_SEARCH_PATHS = "@executable_path/Frameworks";
				"LD_RUNPATH_SEARCH_PATHS[sdk=macosx*]" = "@executable_path/../Frameworks";
				MACOSX_DEPLOYMENT_TARGET = 15.0;
				MARKETING_VERSION = 1.0;
				PRODUCT_BUNDLE_IDENTIFIER = com.costoda.dittoedgestudio;
				PRODUCT_NAME = "$(TARGET_NAME)";
				REGISTER_APP_GROUPS = YES;
				SDKROOT = auto;
				SUPPORTED_PLATFORMS = "iphoneos iphonesimulator macosx xros xrsimulator";
				SWIFT_EMIT_LOC_STRINGS = YES;
				SWIFT_VERSION = 5.0;
				TARGETED_DEVICE_FAMILY = "1,2,7";
				XROS_DEPLOYMENT_TARGET = 2.0;
			};
			name = Release;
		};
		0D3F27F92DDA00FB004A69D1 /* Debug */ = {
			isa = XCBuildConfiguration;
			buildSettings = {
				BUNDLE_LOADER = "$(TEST_HOST)";
				CODE_SIGN_STYLE = Automatic;
				CURRENT_PROJECT_VERSION = 1;
				DEAD_CODE_STRIPPING = YES;
				DEVELOPMENT_TEAM = E3FRN9JNGJ;
				GENERATE_INFOPLIST_FILE = YES;
				IPHONEOS_DEPLOYMENT_TARGET = 18.4;
				MACOSX_DEPLOYMENT_TARGET = 15.4;
				MARKETING_VERSION = 1.0;
				PRODUCT_BUNDLE_IDENTIFIER = "com.costoda.Ditto-Edge-StudioTests";
				PRODUCT_NAME = "$(TARGET_NAME)";
				SDKROOT = auto;
				SUPPORTED_PLATFORMS = "iphoneos iphonesimulator macosx xros xrsimulator";
				SWIFT_EMIT_LOC_STRINGS = NO;
				SWIFT_VERSION = 5.0;
				TARGETED_DEVICE_FAMILY = "1,2,7";
				TEST_HOST = "$(BUILT_PRODUCTS_DIR)/Edge Studio.app/$(BUNDLE_EXECUTABLE_FOLDER_PATH)/Edge Studio";
				XROS_DEPLOYMENT_TARGET = 2.4;
			};
			name = Debug;
		};
		0D3F27FA2DDA00FB004A69D1 /* Release */ = {
			isa = XCBuildConfiguration;
			buildSettings = {
				BUNDLE_LOADER = "$(TEST_HOST)";
				CODE_SIGN_STYLE = Automatic;
				CURRENT_PROJECT_VERSION = 1;
				DEAD_CODE_STRIPPING = YES;
				DEVELOPMENT_TEAM = E3FRN9JNGJ;
				GENERATE_INFOPLIST_FILE = YES;
				IPHONEOS_DEPLOYMENT_TARGET = 18.4;
				MACOSX_DEPLOYMENT_TARGET = 15.4;
				MARKETING_VERSION = 1.0;
				PRODUCT_BUNDLE_IDENTIFIER = "com.costoda.Ditto-Edge-StudioTests";
				PRODUCT_NAME = "$(TARGET_NAME)";
				SDKROOT = auto;
				SUPPORTED_PLATFORMS = "iphoneos iphonesimulator macosx xros xrsimulator";
				SWIFT_EMIT_LOC_STRINGS = NO;
				SWIFT_VERSION = 5.0;
				TARGETED_DEVICE_FAMILY = "1,2,7";
				TEST_HOST = "$(BUILT_PRODUCTS_DIR)/Edge Studio.app/$(BUNDLE_EXECUTABLE_FOLDER_PATH)/Edge Studio";
				XROS_DEPLOYMENT_TARGET = 2.4;
			};
			name = Release;
		};
		0D3F27FC2DDA00FB004A69D1 /* Debug */ = {
			isa = XCBuildConfiguration;
			buildSettings = {
				CODE_SIGN_STYLE = Automatic;
				CURRENT_PROJECT_VERSION = 1;
				DEAD_CODE_STRIPPING = YES;
				DEVELOPMENT_TEAM = E3FRN9JNGJ;
				GENERATE_INFOPLIST_FILE = YES;
				IPHONEOS_DEPLOYMENT_TARGET = 18.4;
				MACOSX_DEPLOYMENT_TARGET = 15.4;
				MARKETING_VERSION = 1.0;
				PRODUCT_BUNDLE_IDENTIFIER = "com.costoda.Ditto-Edge-StudioUITests";
				PRODUCT_NAME = "$(TARGET_NAME)";
				SDKROOT = auto;
				SUPPORTED_PLATFORMS = "iphoneos iphonesimulator macosx xros xrsimulator";
				SWIFT_EMIT_LOC_STRINGS = NO;
				SWIFT_VERSION = 5.0;
				TARGETED_DEVICE_FAMILY = "1,2,7";
				TEST_TARGET_NAME = "Ditto Edge Studio";
				XROS_DEPLOYMENT_TARGET = 2.4;
			};
			name = Debug;
		};
		0D3F27FD2DDA00FB004A69D1 /* Release */ = {
			isa = XCBuildConfiguration;
			buildSettings = {
				CODE_SIGN_STYLE = Automatic;
				CURRENT_PROJECT_VERSION = 1;
				DEAD_CODE_STRIPPING = YES;
				DEVELOPMENT_TEAM = E3FRN9JNGJ;
				GENERATE_INFOPLIST_FILE = YES;
				IPHONEOS_DEPLOYMENT_TARGET = 18.4;
				MACOSX_DEPLOYMENT_TARGET = 15.4;
				MARKETING_VERSION = 1.0;
				PRODUCT_BUNDLE_IDENTIFIER = "com.costoda.Ditto-Edge-StudioUITests";
				PRODUCT_NAME = "$(TARGET_NAME)";
				SDKROOT = auto;
				SUPPORTED_PLATFORMS = "iphoneos iphonesimulator macosx xros xrsimulator";
				SWIFT_EMIT_LOC_STRINGS = NO;
				SWIFT_VERSION = 5.0;
				TARGETED_DEVICE_FAMILY = "1,2,7";
				TEST_TARGET_NAME = "Ditto Edge Studio";
				XROS_DEPLOYMENT_TARGET = 2.4;
			};
			name = Release;
		};
/* End XCBuildConfiguration section */

/* Begin XCConfigurationList section */
		0D3F27CE2DDA00FA004A69D1 /* Build configuration list for PBXProject "Edge Studio" */ = {
			isa = XCConfigurationList;
			buildConfigurations = (
				0D3F27F32DDA00FB004A69D1 /* Debug */,
				0D3F27F42DDA00FB004A69D1 /* Release */,
			);
			defaultConfigurationIsVisible = 0;
			defaultConfigurationName = Release;
		};
		0D3F27F52DDA00FB004A69D1 /* Build configuration list for PBXNativeTarget "Edge Studio" */ = {
			isa = XCConfigurationList;
			buildConfigurations = (
				0D3F27F62DDA00FB004A69D1 /* Debug */,
				0D3F27F72DDA00FB004A69D1 /* Release */,
			);
			defaultConfigurationIsVisible = 0;
			defaultConfigurationName = Release;
		};
		0D3F27F82DDA00FB004A69D1 /* Build configuration list for PBXNativeTarget "Edge StudioTests" */ = {
			isa = XCConfigurationList;
			buildConfigurations = (
				0D3F27F92DDA00FB004A69D1 /* Debug */,
				0D3F27FA2DDA00FB004A69D1 /* Release */,
			);
			defaultConfigurationIsVisible = 0;
			defaultConfigurationName = Release;
		};
		0D3F27FB2DDA00FB004A69D1 /* Build configuration list for PBXNativeTarget "Edge StudioUITests" */ = {
			isa = XCConfigurationList;
			buildConfigurations = (
				0D3F27FC2DDA00FB004A69D1 /* Debug */,
				0D3F27FD2DDA00FB004A69D1 /* Release */,
			);
			defaultConfigurationIsVisible = 0;
			defaultConfigurationName = Release;
		};
/* End XCConfigurationList section */

/* Begin XCRemoteSwiftPackageReference section */
		0D1B1D5C2DDFBB95003BBD80 /* XCRemoteSwiftPackageReference "CodeEditor" */ = {
			isa = XCRemoteSwiftPackageReference;
			repositoryURL = "https://github.com/ZeeZide/CodeEditor.git";
			requirement = {
				kind = upToNextMajorVersion;
				minimumVersion = 1.2.6;
			};
		};
		0D3F28352DDA0EA7004A69D1 /* XCRemoteSwiftPackageReference "DittoSwiftTools" */ = {
			isa = XCRemoteSwiftPackageReference;
			repositoryURL = "https://github.com/getditto/DittoSwiftTools";
			requirement = {
				kind = upToNextMajorVersion;
				minimumVersion = 8.0.0;
			};
		};
		0D3F284C2DDA0EC1004A69D1 /* XCRemoteSwiftPackageReference "DittoSwiftPackage" */ = {
			isa = XCRemoteSwiftPackageReference;
			repositoryURL = "https://github.com/getditto/DittoSwiftPackage";
			requirement = {
				kind = upToNextMajorVersion;
				minimumVersion = "4.11.0-rc.4";
			};
		};
/* End XCRemoteSwiftPackageReference section */

/* Begin XCSwiftPackageProductDependency section */
		0D1B1D5D2DDFBB95003BBD80 /* CodeEditor */ = {
			isa = XCSwiftPackageProductDependency;
			package = 0D1B1D5C2DDFBB95003BBD80 /* XCRemoteSwiftPackageReference "CodeEditor" */;
			productName = CodeEditor;
		};
		0D3F28362DDA0EA7004A69D1 /* DittoAllToolsMenu */ = {
			isa = XCSwiftPackageProductDependency;
			package = 0D3F28352DDA0EA7004A69D1 /* XCRemoteSwiftPackageReference "DittoSwiftTools" */;
			productName = DittoAllToolsMenu;
		};
		0D3F28382DDA0EA7004A69D1 /* DittoDataBrowser */ = {
			isa = XCSwiftPackageProductDependency;
			package = 0D3F28352DDA0EA7004A69D1 /* XCRemoteSwiftPackageReference "DittoSwiftTools" */;
			productName = DittoDataBrowser;
		};
		0D3F283A2DDA0EA7004A69D1 /* DittoDiskUsage */ = {
			isa = XCSwiftPackageProductDependency;
			package = 0D3F28352DDA0EA7004A69D1 /* XCRemoteSwiftPackageReference "DittoSwiftTools" */;
			productName = DittoDiskUsage;
		};
		0D3F283C2DDA0EA7004A69D1 /* DittoExportData */ = {
			isa = XCSwiftPackageProductDependency;
			package = 0D3F28352DDA0EA7004A69D1 /* XCRemoteSwiftPackageReference "DittoSwiftTools" */;
			productName = DittoExportData;
		};
		0D3F283E2DDA0EA7004A69D1 /* DittoExportLogs */ = {
			isa = XCSwiftPackageProductDependency;
			package = 0D3F28352DDA0EA7004A69D1 /* XCRemoteSwiftPackageReference "DittoSwiftTools" */;
			productName = DittoExportLogs;
		};
		0D3F28402DDA0EA7004A69D1 /* DittoHealthMetrics */ = {
			isa = XCSwiftPackageProductDependency;
			package = 0D3F28352DDA0EA7004A69D1 /* XCRemoteSwiftPackageReference "DittoSwiftTools" */;
			productName = DittoHealthMetrics;
		};
		0D3F28422DDA0EA7004A69D1 /* DittoHeartbeat */ = {
			isa = XCSwiftPackageProductDependency;
			package = 0D3F28352DDA0EA7004A69D1 /* XCRemoteSwiftPackageReference "DittoSwiftTools" */;
			productName = DittoHeartbeat;
		};
		0D3F28442DDA0EA7004A69D1 /* DittoPeersList */ = {
			isa = XCSwiftPackageProductDependency;
			package = 0D3F28352DDA0EA7004A69D1 /* XCRemoteSwiftPackageReference "DittoSwiftTools" */;
			productName = DittoPeersList;
		};
		0D3F28462DDA0EA7004A69D1 /* DittoPermissionsHealth */ = {
			isa = XCSwiftPackageProductDependency;
			package = 0D3F28352DDA0EA7004A69D1 /* XCRemoteSwiftPackageReference "DittoSwiftTools" */;
			productName = DittoPermissionsHealth;
		};
		0D3F28482DDA0EA7004A69D1 /* DittoPresenceDegradation */ = {
			isa = XCSwiftPackageProductDependency;
			package = 0D3F28352DDA0EA7004A69D1 /* XCRemoteSwiftPackageReference "DittoSwiftTools" */;
			productName = DittoPresenceDegradation;
		};
		0D3F284A2DDA0EA7004A69D1 /* DittoPresenceViewer */ = {
			isa = XCSwiftPackageProductDependency;
			package = 0D3F28352DDA0EA7004A69D1 /* XCRemoteSwiftPackageReference "DittoSwiftTools" */;
			productName = DittoPresenceViewer;
		};
		0D3F284D2DDA0EC1004A69D1 /* DittoObjC */ = {
			isa = XCSwiftPackageProductDependency;
			package = 0D3F284C2DDA0EC1004A69D1 /* XCRemoteSwiftPackageReference "DittoSwiftPackage" */;
			productName = DittoObjC;
		};
		0D3F284F2DDA0EC1004A69D1 /* DittoSwift */ = {
			isa = XCSwiftPackageProductDependency;
			package = 0D3F284C2DDA0EC1004A69D1 /* XCRemoteSwiftPackageReference "DittoSwiftPackage" */;
			productName = DittoSwift;
		};
/* End XCSwiftPackageProductDependency section */
	};
	rootObject = 0D3F27CB2DDA00FA004A69D1 /* Project object */;
}
